
Microsoft Visual Studio Solution File, Format Version 12.00
Project("{FAE04EC0-301F-11D3-BF4B-00C04F79EFBC}") = "CoffeePeek.Contract", "CoffeePeek.Contract\CoffeePeek.Contract.csproj", "{D2F0D897-F81F-4A35-92E8-0A1AD3618D6E}"
EndProject
Project("{2150E333-8FDC-42A3-9474-1A3956D46DE8}") = "Solution Items", "Solution Items", "{F0C1F125-18A6-46BC-98FB-E2036131E7DC}"
	ProjectSection(SolutionItems) = preProject
		compose.yaml = compose.yaml
		CoffeePeek.Photo.Api\Photo.API.Dockerfile = CoffeePeek.Photo.Api\Photo.API.Dockerfile
		CoffeePeek.AuthService\AuthService.Dockerfile = CoffeePeek.AuthService\AuthService.Dockerfile
		OutboxBackgroundService\OutboxBackgroundService.Dockerfile = OutboxBackgroundService\OutboxBackgroundService.Dockerfile
		CoffeePeek.UserService\UserService.Dockerfile = CoffeePeek.UserService\UserService.Dockerfile
		railway.json = railway.json
		CoffeePeek.ModerationService\ModerationService.Dockerfile = CoffeePeek.ModerationService\ModerationService.Dockerfile
		build-and-push.ps1 = build-and-push.ps1
		CoffeePeek.ShopsService\ShopsService.Dockerfile = CoffeePeek.ShopsService\ShopsService.Dockerfile
		CoffeePeek.Gateway\CoffeePeek.Gateway.csproj = CoffeePeek.Gateway\CoffeePeek.Gateway.csproj
	EndProjectSection
EndProject
Project("{2150E333-8FDC-42A3-9474-1A3956D46DE8}") = "CoffeePeek.Photo", "CoffeePeek.Photo", "{B135B7F3-9AB9-49D4-9487-001B656C3A36}"
EndProject
Project("{FAE04EC0-301F-11D3-BF4B-00C04F79EFBC}") = "CoffeePeek.Photo.Api", "CoffeePeek.Photo.Api\CoffeePeek.Photo.Api.csproj", "{F0E8ABFC-8079-40BF-8A62-5134395E6EC6}"
EndProject
Project("{FAE04EC0-301F-11D3-BF4B-00C04F79EFBC}") = "CoffeePeek.Photo.Infrastructure", "CoffeePeek.Photo.Infrastructure\CoffeePeek.Photo.Infrastructure.csproj", "{90F1205C-109B-450B-BFF0-698A53349AA8}"
EndProject
Project("{FAE04EC0-301F-11D3-BF4B-00C04F79EFBC}") = "CoffeePeek.Photo.Core", "CoffeePeek.Photo.Core\CoffeePeek.Photo.Core.csproj", "{5F1814E8-7497-406A-8E2F-DC0BF843F495}"
EndProject
Project("{2150E333-8FDC-42A3-9474-1A3956D46DE8}") = "CoffeePeek", "CoffeePeek", "{7C5F0BD9-8F6C-414E-B528-5EC16ADFE571}"
EndProject
Project("{2150E333-8FDC-42A3-9474-1A3956D46DE8}") = "Shared", "Shared", "{DFBC1184-60D4-4FB2-999A-441CD36F162D}"
EndProject
Project("{FAE04EC0-301F-11D3-BF4B-00C04F79EFBC}") = "CoffeePeek.Shared.Models", "CoffeePeek.Shared.Models\CoffeePeek.Shared.Models.csproj", "{27104E80-BC14-4DCF-A7B8-E5400D98F87E}"
EndProject
Project("{FAE04EC0-301F-11D3-BF4B-00C04F79EFBC}") = "CoffeePeek.Shared.Extensions", "CoffeePeek.Shared.Extensions\CoffeePeek.Shared.Extensions.csproj", "{BF2B708A-CD0A-4E90-8314-9CFEFAE7E2C0}"
EndProject
Project("{FAE04EC0-301F-11D3-BF4B-00C04F79EFBC}") = "CoffeePeek.Photo.BuildingBlocks", "CoffeePeek.Photo.BuildingBlocks\CoffeePeek.Photo.BuildingBlocks.csproj", "{D0989C8E-BBCF-4395-ACB4-3AEEE0F3124D}"
EndProject
Project("{FAE04EC0-301F-11D3-BF4B-00C04F79EFBC}") = "CoffeePeek.AuthService", "CoffeePeek.AuthService\CoffeePeek.AuthService.csproj", "{5BFEE5FF-B26D-46DB-9164-0BAFCDCE018E}"
EndProject
Project("{FAE04EC0-301F-11D3-BF4B-00C04F79EFBC}") = "CoffeePeek.UserService", "CoffeePeek.UserService\CoffeePeek.UserService.csproj", "{43ED4828-C9CB-4FCF-885F-DC5CBD44E21C}"
EndProject
Project("{FAE04EC0-301F-11D3-BF4B-00C04F79EFBC}") = "OutboxBackgroundService", "OutboxBackgroundService\OutboxBackgroundService.csproj", "{1FCF5A5D-9618-44BD-92F8-B7A4337C3C15}"
EndProject
Project("{2150E333-8FDC-42A3-9474-1A3956D46DE8}") = "AuthService", "AuthService", "{325A4B29-924A-4ABB-A68F-BE87C80A5B55}"
EndProject
Project("{FAE04EC0-301F-11D3-BF4B-00C04F79EFBC}") = "CoffeePeek.Shared.Infrastructure", "CoffeePeek.Shared.Infrastructure\CoffeePeek.Shared.Infrastructure.csproj", "{8263F50E-FECF-4613-A98B-F46A951C9E39}"
EndProject
Project("{FAE04EC0-301F-11D3-BF4B-00C04F79EFBC}") = "CoffeePeek.ModerationService", "CoffeePeek.ModerationService\CoffeePeek.ModerationService.csproj", "{CD0FAA76-CC2A-4C05-AF68-84EE1724A3ED}"
EndProject
Project("{FAE04EC0-301F-11D3-BF4B-00C04F79EFBC}") = "CoffeePeek.ShopsService", "CoffeePeek.ShopsService\CoffeePeek.ShopsService.csproj", "{8C7DA135-5D75-4CCF-B1CB-2FAFC03EC91B}"
EndProject
Project("{FAE04EC0-301F-11D3-BF4B-00C04F79EFBC}") = "CoffeePeek.Data", "CoffeePeek.Data\CoffeePeek.Data.csproj", "{ABE7F92D-DD3F-43E2-80E8-CDFDC4F390FD}"
EndProject
Project("{FAE04EC0-301F-11D3-BF4B-00C04F79EFBC}") = "CoffeePeek.Gateway", "CoffeePeek.Gateway\CoffeePeek.Gateway.csproj", "{7FE533B7-FFAB-49EF-B40D-C02E1C8F6014}"
EndProject
Global
	GlobalSection(SolutionConfigurationPlatforms) = preSolution
		Debug|Any CPU = Debug|Any CPU
		Release|Any CPU = Release|Any CPU
	EndGlobalSection
	GlobalSection(ProjectConfigurationPlatforms) = postSolution
		{D2F0D897-F81F-4A35-92E8-0A1AD3618D6E}.Debug|Any CPU.ActiveCfg = Debug|Any CPU
		{D2F0D897-F81F-4A35-92E8-0A1AD3618D6E}.Debug|Any CPU.Build.0 = Debug|Any CPU
		{D2F0D897-F81F-4A35-92E8-0A1AD3618D6E}.Release|Any CPU.ActiveCfg = Release|Any CPU
		{D2F0D897-F81F-4A35-92E8-0A1AD3618D6E}.Release|Any CPU.Build.0 = Release|Any CPU
		{F0E8ABFC-8079-40BF-8A62-5134395E6EC6}.Debug|Any CPU.ActiveCfg = Debug|Any CPU
		{F0E8ABFC-8079-40BF-8A62-5134395E6EC6}.Debug|Any CPU.Build.0 = Debug|Any CPU
		{F0E8ABFC-8079-40BF-8A62-5134395E6EC6}.Release|Any CPU.ActiveCfg = Release|Any CPU
		{F0E8ABFC-8079-40BF-8A62-5134395E6EC6}.Release|Any CPU.Build.0 = Release|Any CPU
		{90F1205C-109B-450B-BFF0-698A53349AA8}.Debug|Any CPU.ActiveCfg = Debug|Any CPU
		{90F1205C-109B-450B-BFF0-698A53349AA8}.Debug|Any CPU.Build.0 = Debug|Any CPU
		{90F1205C-109B-450B-BFF0-698A53349AA8}.Release|Any CPU.ActiveCfg = Release|Any CPU
		{90F1205C-109B-450B-BFF0-698A53349AA8}.Release|Any CPU.Build.0 = Release|Any CPU
		{5F1814E8-7497-406A-8E2F-DC0BF843F495}.Debug|Any CPU.ActiveCfg = Debug|Any CPU
		{5F1814E8-7497-406A-8E2F-DC0BF843F495}.Debug|Any CPU.Build.0 = Debug|Any CPU
		{5F1814E8-7497-406A-8E2F-DC0BF843F495}.Release|Any CPU.ActiveCfg = Release|Any CPU
		{5F1814E8-7497-406A-8E2F-DC0BF843F495}.Release|Any CPU.Build.0 = Release|Any CPU
		{27104E80-BC14-4DCF-A7B8-E5400D98F87E}.Debug|Any CPU.ActiveCfg = Debug|Any CPU
		{27104E80-BC14-4DCF-A7B8-E5400D98F87E}.Debug|Any CPU.Build.0 = Debug|Any CPU
		{27104E80-BC14-4DCF-A7B8-E5400D98F87E}.Release|Any CPU.ActiveCfg = Release|Any CPU
		{27104E80-BC14-4DCF-A7B8-E5400D98F87E}.Release|Any CPU.Build.0 = Release|Any CPU
		{BF2B708A-CD0A-4E90-8314-9CFEFAE7E2C0}.Debug|Any CPU.ActiveCfg = Debug|Any CPU
		{BF2B708A-CD0A-4E90-8314-9CFEFAE7E2C0}.Debug|Any CPU.Build.0 = Debug|Any CPU
		{BF2B708A-CD0A-4E90-8314-9CFEFAE7E2C0}.Release|Any CPU.ActiveCfg = Release|Any CPU
		{BF2B708A-CD0A-4E90-8314-9CFEFAE7E2C0}.Release|Any CPU.Build.0 = Release|Any CPU
		{D0989C8E-BBCF-4395-ACB4-3AEEE0F3124D}.Debug|Any CPU.ActiveCfg = Debug|Any CPU
		{D0989C8E-BBCF-4395-ACB4-3AEEE0F3124D}.Debug|Any CPU.Build.0 = Debug|Any CPU
		{D0989C8E-BBCF-4395-ACB4-3AEEE0F3124D}.Release|Any CPU.ActiveCfg = Release|Any CPU
		{D0989C8E-BBCF-4395-ACB4-3AEEE0F3124D}.Release|Any CPU.Build.0 = Release|Any CPU
		{5BFEE5FF-B26D-46DB-9164-0BAFCDCE018E}.Debug|Any CPU.ActiveCfg = Debug|Any CPU
		{5BFEE5FF-B26D-46DB-9164-0BAFCDCE018E}.Debug|Any CPU.Build.0 = Debug|Any CPU
		{5BFEE5FF-B26D-46DB-9164-0BAFCDCE018E}.Release|Any CPU.ActiveCfg = Release|Any CPU
		{5BFEE5FF-B26D-46DB-9164-0BAFCDCE018E}.Release|Any CPU.Build.0 = Release|Any CPU
		{43ED4828-C9CB-4FCF-885F-DC5CBD44E21C}.Debug|Any CPU.ActiveCfg = Debug|Any CPU
		{43ED4828-C9CB-4FCF-885F-DC5CBD44E21C}.Debug|Any CPU.Build.0 = Debug|Any CPU
		{43ED4828-C9CB-4FCF-885F-DC5CBD44E21C}.Release|Any CPU.ActiveCfg = Release|Any CPU
		{43ED4828-C9CB-4FCF-885F-DC5CBD44E21C}.Release|Any CPU.Build.0 = Release|Any CPU
		{1FCF5A5D-9618-44BD-92F8-B7A4337C3C15}.Debug|Any CPU.ActiveCfg = Debug|Any CPU
		{1FCF5A5D-9618-44BD-92F8-B7A4337C3C15}.Debug|Any CPU.Build.0 = Debug|Any CPU
		{1FCF5A5D-9618-44BD-92F8-B7A4337C3C15}.Release|Any CPU.ActiveCfg = Release|Any CPU
		{1FCF5A5D-9618-44BD-92F8-B7A4337C3C15}.Release|Any CPU.Build.0 = Release|Any CPU
		{8263F50E-FECF-4613-A98B-F46A951C9E39}.Debug|Any CPU.ActiveCfg = Debug|Any CPU
		{8263F50E-FECF-4613-A98B-F46A951C9E39}.Debug|Any CPU.Build.0 = Debug|Any CPU
		{8263F50E-FECF-4613-A98B-F46A951C9E39}.Release|Any CPU.ActiveCfg = Release|Any CPU
		{8263F50E-FECF-4613-A98B-F46A951C9E39}.Release|Any CPU.Build.0 = Release|Any CPU
		{CD0FAA76-CC2A-4C05-AF68-84EE1724A3ED}.Debug|Any CPU.ActiveCfg = Debug|Any CPU
		{CD0FAA76-CC2A-4C05-AF68-84EE1724A3ED}.Debug|Any CPU.Build.0 = Debug|Any CPU
		{CD0FAA76-CC2A-4C05-AF68-84EE1724A3ED}.Release|Any CPU.ActiveCfg = Release|Any CPU
		{CD0FAA76-CC2A-4C05-AF68-84EE1724A3ED}.Release|Any CPU.Build.0 = Release|Any CPU
		{8C7DA135-5D75-4CCF-B1CB-2FAFC03EC91B}.Debug|Any CPU.ActiveCfg = Debug|Any CPU
		{8C7DA135-5D75-4CCF-B1CB-2FAFC03EC91B}.Debug|Any CPU.Build.0 = Debug|Any CPU
		{8C7DA135-5D75-4CCF-B1CB-2FAFC03EC91B}.Release|Any CPU.ActiveCfg = Release|Any CPU
		{8C7DA135-5D75-4CCF-B1CB-2FAFC03EC91B}.Release|Any CPU.Build.0 = Release|Any CPU
		{ABE7F92D-DD3F-43E2-80E8-CDFDC4F390FD}.Debug|Any CPU.ActiveCfg = Debug|Any CPU
		{ABE7F92D-DD3F-43E2-80E8-CDFDC4F390FD}.Debug|Any CPU.Build.0 = Debug|Any CPU
		{ABE7F92D-DD3F-43E2-80E8-CDFDC4F390FD}.Release|Any CPU.ActiveCfg = Release|Any CPU
		{ABE7F92D-DD3F-43E2-80E8-CDFDC4F390FD}.Release|Any CPU.Build.0 = Release|Any CPU
		{7FE533B7-FFAB-49EF-B40D-C02E1C8F6014}.Debug|Any CPU.ActiveCfg = Debug|Any CPU
		{7FE533B7-FFAB-49EF-B40D-C02E1C8F6014}.Debug|Any CPU.Build.0 = Debug|Any CPU
		{7FE533B7-FFAB-49EF-B40D-C02E1C8F6014}.Release|Any CPU.ActiveCfg = Release|Any CPU
		{7FE533B7-FFAB-49EF-B40D-C02E1C8F6014}.Release|Any CPU.Build.0 = Release|Any CPU
	EndGlobalSection
	GlobalSection(NestedProjects) = preSolution
		{F0E8ABFC-8079-40BF-8A62-5134395E6EC6} = {B135B7F3-9AB9-49D4-9487-001B656C3A36}
		{90F1205C-109B-450B-BFF0-698A53349AA8} = {B135B7F3-9AB9-49D4-9487-001B656C3A36}
		{5F1814E8-7497-406A-8E2F-DC0BF843F495} = {B135B7F3-9AB9-49D4-9487-001B656C3A36}
		{27104E80-BC14-4DCF-A7B8-E5400D98F87E} = {DFBC1184-60D4-4FB2-999A-441CD36F162D}
		{BF2B708A-CD0A-4E90-8314-9CFEFAE7E2C0} = {DFBC1184-60D4-4FB2-999A-441CD36F162D}
		{D0989C8E-BBCF-4395-ACB4-3AEEE0F3124D} = {B135B7F3-9AB9-49D4-9487-001B656C3A36}
		{43ED4828-C9CB-4FCF-885F-DC5CBD44E21C} = {7C5F0BD9-8F6C-414E-B528-5EC16ADFE571}
		{D2F0D897-F81F-4A35-92E8-0A1AD3618D6E} = {7C5F0BD9-8F6C-414E-B528-5EC16ADFE571}
		{325A4B29-924A-4ABB-A68F-BE87C80A5B55} = {7C5F0BD9-8F6C-414E-B528-5EC16ADFE571}
		{5BFEE5FF-B26D-46DB-9164-0BAFCDCE018E} = {325A4B29-924A-4ABB-A68F-BE87C80A5B55}
		{1FCF5A5D-9618-44BD-92F8-B7A4337C3C15} = {325A4B29-924A-4ABB-A68F-BE87C80A5B55}
		{8263F50E-FECF-4613-A98B-F46A951C9E39} = {DFBC1184-60D4-4FB2-999A-441CD36F162D}
		{CD0FAA76-CC2A-4C05-AF68-84EE1724A3ED} = {7C5F0BD9-8F6C-414E-B528-5EC16ADFE571}
		{8C7DA135-5D75-4CCF-B1CB-2FAFC03EC91B} = {7C5F0BD9-8F6C-414E-B528-5EC16ADFE571}
		{ABE7F92D-DD3F-43E2-80E8-CDFDC4F390FD} = {7C5F0BD9-8F6C-414E-B528-5EC16ADFE571}
		{7FE533B7-FFAB-49EF-B40D-C02E1C8F6014} = {DFBC1184-60D4-4FB2-999A-441CD36F162D}
	EndGlobalSection
EndGlobal
