
Microsoft Visual Studio Solution File, Format Version 12.00
Project("{FAE04EC0-301F-11D3-BF4B-00C04F79EFBC}") = "CoffeePeek.Contract", "CoffeePeek.Contract\CoffeePeek.Contract.csproj", "{D2F0D897-F81F-4A35-92E8-0A1AD3618D6E}"
EndProject
Project("{2150E333-8FDC-42A3-9474-1A3956D46DE8}") = "Solution Items", "Solution Items", "{F0C1F125-18A6-46BC-98FB-E2036131E7DC}"
	ProjectSection(SolutionItems) = preProject
		.github\workflows\ci-cd.yml = .github\workflows\ci-cd.yml
		docker-compose.local.yml = docker-compose.local.yml
		openapi.json = openapi.json
	EndProjectSection
EndProject
Project("{2150E333-8FDC-42A3-9474-1A3956D46DE8}") = "CoffeePeek", "CoffeePeek", "{7C5F0BD9-8F6C-414E-B528-5EC16ADFE571}"
EndProject
Project("{2150E333-8FDC-42A3-9474-1A3956D46DE8}") = "Shared", "Shared", "{DFBC1184-60D4-4FB2-999A-441CD36F162D}"
EndProject
Project("{FAE04EC0-301F-11D3-BF4B-00C04F79EFBC}") = "CoffeePeek.Shared.Extensions", "CoffeePeek.Shared.Extensions\CoffeePeek.Shared.Extensions.csproj", "{BF2B708A-CD0A-4E90-8314-9CFEFAE7E2C0}"
EndProject
Project("{FAE04EC0-301F-11D3-BF4B-00C04F79EFBC}") = "CoffeePeek.AuthService", "CoffeePeek.AuthService\CoffeePeek.AuthService.csproj", "{5BFEE5FF-B26D-46DB-9164-0BAFCDCE018E}"
EndProject
Project("{FAE04EC0-301F-11D3-BF4B-00C04F79EFBC}") = "CoffeePeek.UserService", "CoffeePeek.UserService\CoffeePeek.UserService.csproj", "{43ED4828-C9CB-4FCF-885F-DC5CBD44E21C}"
EndProject
Project("{FAE04EC0-301F-11D3-BF4B-00C04F79EFBC}") = "OutboxBackgroundService", "OutboxBackgroundService\OutboxBackgroundService.csproj", "{1FCF5A5D-9618-44BD-92F8-B7A4337C3C15}"
EndProject
Project("{FAE04EC0-301F-11D3-BF4B-00C04F79EFBC}") = "CoffeePeek.Shared.Infrastructure", "CoffeePeek.Shared.Infrastructure\CoffeePeek.Shared.Infrastructure.csproj", "{8263F50E-FECF-4613-A98B-F46A951C9E39}"
EndProject
Project("{FAE04EC0-301F-11D3-BF4B-00C04F79EFBC}") = "CoffeePeek.ModerationService", "CoffeePeek.ModerationService\CoffeePeek.ModerationService.csproj", "{CD0FAA76-CC2A-4C05-AF68-84EE1724A3ED}"
EndProject
Project("{FAE04EC0-301F-11D3-BF4B-00C04F79EFBC}") = "CoffeePeek.ShopsService", "CoffeePeek.ShopsService\CoffeePeek.ShopsService.csproj", "{8C7DA135-5D75-4CCF-B1CB-2FAFC03EC91B}"
EndProject
Project("{FAE04EC0-301F-11D3-BF4B-00C04F79EFBC}") = "CoffeePeek.Gateway", "CoffeePeek.Gateway\CoffeePeek.Gateway.csproj", "{7FE533B7-FFAB-49EF-B40D-C02E1C8F6014}"
EndProject
Project("{2150E333-8FDC-42A3-9474-1A3956D46DE8}") = "CoffeePeek.Tests", "CoffeePeek.Tests", "{384F5D08-513B-4F24-89A4-D648ABCC5513}"
EndProject
Project("{FAE04EC0-301F-11D3-BF4B-00C04F79EFBC}") = "CoffeePeek.AuthService.Tests", "CoffeePeek.AuthService.Tests\CoffeePeek.AuthService.Tests.csproj", "{DB458627-19A2-4C94-B28E-0E5DDA3288A8}"
EndProject
Project("{FAE04EC0-301F-11D3-BF4B-00C04F79EFBC}") = "CoffeePeek.ModerationService.Tests", "CoffeePeek.ModerationService.Tests\CoffeePeek.ModerationService.Tests.csproj", "{C5BDBDB2-E6DF-468E-B83E-AEC29C27D7E4}"
EndProject
Project("{FAE04EC0-301F-11D3-BF4B-00C04F79EFBC}") = "CoffeePeek.UserService.Tests", "CoffeePeek.UserService.Tests\CoffeePeek.UserService.Tests.csproj", "{F141F23D-15AA-4F05-A081-DC5F8DDB7355}"
EndProject
Project("{FAE04EC0-301F-11D3-BF4B-00C04F79EFBC}") = "CoffeePeek.ShopsService.Tests", "CoffeePeek.ShopsService.Tests\CoffeePeek.ShopsService.Tests.csproj", "{4A4EE238-A6DB-4022-9299-713A60AB816D}"
EndProject
Project("{FAE04EC0-301F-11D3-BF4B-00C04F79EFBC}") = "CoffeePeek.JobVacancies", "CoffeePeek.JobVacancies\CoffeePeek.JobVacancies.csproj", "{131AA69D-0328-4198-8FA2-01E879DD32ED}"
EndProject
Project("{FAE04EC0-301F-11D3-BF4B-00C04F79EFBC}") = "CoffeePeek.Contract.Tests", "CoffeePeek.Contract.Tests\CoffeePeek.Contract.Tests.csproj", "{61850411-6D7C-4E18-93A2-8DB0CFE4AE38}"
EndProject
Project("{FAE04EC0-301F-11D3-BF4B-00C04F79EFBC}") = "CoffeePeek.Tests.Shared", "CoffeePeek.Tests.Shared\CoffeePeek.Tests.Shared.csproj", "{E728194E-817E-4DB3-81B6-6451C074953C}"
EndProject
Project("{FAE04EC0-301F-11D3-BF4B-00C04F79EFBC}") = "CoffePeek.AppHost", "CoffePeek.AppHost\CoffePeek.AppHost.csproj", "{4B3D7B2C-BB82-4E09-B27C-C11429270162}"
EndProject
Project("{FAE04EC0-301F-11D3-BF4B-00C04F79EFBC}") = "CoffePeek.ServiceDefaults", "CoffePeek.ServiceDefaults\CoffePeek.ServiceDefaults.csproj", "{63504032-D1D0-4D01-8B5E-CAF80E878B4E}"
EndProject
Project("{2150E333-8FDC-42A3-9474-1A3956D46DE8}") = "CoffeePeek.User", "CoffeePeek.User", "{6A437944-2671-4107-99DF-B119D8EAD733}"
EndProject
Project("{FAE04EC0-301F-11D3-BF4B-00C04F79EFBC}") = "CoffeePeek.Auth.Domain", "CoffeePeek.Auth.Domain\CoffeePeek.Auth.Domain.csproj", "{74FECF37-3ED0-4502-BDA1-86468A0FD662}"
EndProject
Project("{FAE04EC0-301F-11D3-BF4B-00C04F79EFBC}") = "CoffeePeek.Shops.Domain", "CoffeePeek.Shops.Domain\CoffeePeek.Shops.Domain.csproj", "{39829ED3-649B-4312-B7BC-B2D41B538A01}"
EndProject
Project("{FAE04EC0-301F-11D3-BF4B-00C04F79EFBC}") = "CoffeePeek.User.Domain", "CoffeePeek.User.Domain\CoffeePeek.User.Domain.csproj", "{E22CD0FF-D7E7-46A6-97CB-3DAE384A2D31}"
EndProject
Project("{2150E333-8FDC-42A3-9474-1A3956D46DE8}") = "CoffeePeek.Auth", "CoffeePeek.Auth", "{124947B8-89C5-4525-8134-332BD37F802E}"
EndProject
Project("{2150E333-8FDC-42A3-9474-1A3956D46DE8}") = "CoffeePeek.Shops", "CoffeePeek.Shops", "{240819CF-48C0-471F-9B95-F1FEC0012D31}"
EndProject
Project("{2150E333-8FDC-42A3-9474-1A3956D46DE8}") = "CoffeePeek.Moderation", "CoffeePeek.Moderation", "{3111510A-D868-4AF1-ADE0-C75F2C1FBAF7}"
EndProject
Project("{FAE04EC0-301F-11D3-BF4B-00C04F79EFBC}") = "CoffeePeek.Moderation.Domain", "CoffeePeek.Moderation.Domain\CoffeePeek.Moderation.Domain.csproj", "{1C25261A-2BDA-4AEC-B6F7-5D378D68B0C4}"
EndProject
Project("{FAE04EC0-301F-11D3-BF4B-00C04F79EFBC}") = "CoffeePeek.Auth.Infrastructure", "CoffeePeek.Auth.Infrastructure\CoffeePeek.Auth.Infrastructure.csproj", "{5C6680AB-BA4F-4F95-98E7-9D4BDC678B32}"
EndProject
Project("{FAE04EC0-301F-11D3-BF4B-00C04F79EFBC}") = "CoffeePeek.Auth.Application", "CoffeePeek.Auth.Application\CoffeePeek.Auth.Application.csproj", "{CE5E9229-E679-42C1-9626-0E160A635C49}"
EndProject
Project("{FAE04EC0-301F-11D3-BF4B-00C04F79EFBC}") = "Coffeepeek.Moderation.Application", "Coffeepeek.Moderation.Application\Coffeepeek.Moderation.Application.csproj", "{BDB92CEA-3E91-445D-AEEF-34D5222213F5}"
EndProject
Project("{FAE04EC0-301F-11D3-BF4B-00C04F79EFBC}") = "CoffeePeek.Moderation.Infrastructure", "CoffeePeek.Moderation.Infrastructure\CoffeePeek.Moderation.Infrastructure.csproj", "{04BA88F2-39E4-4233-9B84-2C0A67EDA59B}"
EndProject
Project("{FAE04EC0-301F-11D3-BF4B-00C04F79EFBC}") = "CoffeePeek.User.Application", "CoffeePeek.User.Application\CoffeePeek.User.Application.csproj", "{ED452088-FCD3-4660-A2C2-7A12429884B4}"
EndProject
Project("{FAE04EC0-301F-11D3-BF4B-00C04F79EFBC}") = "CoffeePeek.User.Infrastructure", "CoffeePeek.User.Infrastructure\CoffeePeek.User.Infrastructure.csproj", "{B63A144C-64A0-4EB3-AD30-3B12A5F3F59D}"
EndProject
Project("{FAE04EC0-301F-11D3-BF4B-00C04F79EFBC}") = "CoffeePeek.Shops.Application", "CoffeePeek.Shops.Application\CoffeePeek.Shops.Application.csproj", "{68A4E47A-06A4-453E-BFC6-D560F85DDEC4}"
EndProject
Project("{FAE04EC0-301F-11D3-BF4B-00C04F79EFBC}") = "CoffeePeek.Shops.Infrastructure", "CoffeePeek.Shops.Infrastructure\CoffeePeek.Shops.Infrastructure.csproj", "{0CEB59E6-2EF5-4532-89D0-A22385CDE975}"
EndProject
Project("{2150E333-8FDC-42A3-9474-1A3956D46DE8}") = "CoffeePeek.JobVacancies", "CoffeePeek.JobVacancies", "{0FB25359-6AAC-401D-9455-AEBFC1E4202F}"
EndProject
Project("{FAE04EC0-301F-11D3-BF4B-00C04F79EFBC}") = "CoffeePeek.JobVacancies.Domain", "CoffeePeek.JobVacancies.Domain\CoffeePeek.JobVacancies.Domain.csproj", "{CCE3586F-FE12-464F-BD5B-3294F3654CCB}"
EndProject
Project("{FAE04EC0-301F-11D3-BF4B-00C04F79EFBC}") = "CoffeePeek.JobVacancies.Infrastructure", "CoffeePeek.JobVacancies.Infrastructure\CoffeePeek.JobVacancies.Infrastructure.csproj", "{294A2CAC-0069-4D35-BDAA-0030AAFDEB4C}"
EndProject
Project("{FAE04EC0-301F-11D3-BF4B-00C04F79EFBC}") = "CoffeePeek.JobVacancies.Application", "CoffeePeek.JobVacancies.Application\CoffeePeek.JobVacancies.Application.csproj", "{CB2D23D5-81B0-46F0-8CD1-7ACC77468F61}"
EndProject
Global
	GlobalSection(SolutionConfigurationPlatforms) = preSolution
		Debug|Any CPU = Debug|Any CPU
		Debug|x64 = Debug|x64
		Debug|x86 = Debug|x86
		Release|Any CPU = Release|Any CPU
		Release|x64 = Release|x64
		Release|x86 = Release|x86
	EndGlobalSection
	GlobalSection(ProjectConfigurationPlatforms) = postSolution
		{D2F0D897-F81F-4A35-92E8-0A1AD3618D6E}.Debug|Any CPU.ActiveCfg = Debug|Any CPU
		{D2F0D897-F81F-4A35-92E8-0A1AD3618D6E}.Debug|Any CPU.Build.0 = Debug|Any CPU
		{D2F0D897-F81F-4A35-92E8-0A1AD3618D6E}.Debug|x64.ActiveCfg = Debug|Any CPU
		{D2F0D897-F81F-4A35-92E8-0A1AD3618D6E}.Debug|x64.Build.0 = Debug|Any CPU
		{D2F0D897-F81F-4A35-92E8-0A1AD3618D6E}.Debug|x86.ActiveCfg = Debug|Any CPU
		{D2F0D897-F81F-4A35-92E8-0A1AD3618D6E}.Debug|x86.Build.0 = Debug|Any CPU
		{D2F0D897-F81F-4A35-92E8-0A1AD3618D6E}.Release|Any CPU.ActiveCfg = Release|Any CPU
		{D2F0D897-F81F-4A35-92E8-0A1AD3618D6E}.Release|Any CPU.Build.0 = Release|Any CPU
		{D2F0D897-F81F-4A35-92E8-0A1AD3618D6E}.Release|x64.ActiveCfg = Release|Any CPU
		{D2F0D897-F81F-4A35-92E8-0A1AD3618D6E}.Release|x64.Build.0 = Release|Any CPU
		{D2F0D897-F81F-4A35-92E8-0A1AD3618D6E}.Release|x86.ActiveCfg = Release|Any CPU
		{D2F0D897-F81F-4A35-92E8-0A1AD3618D6E}.Release|x86.Build.0 = Release|Any CPU
		{BF2B708A-CD0A-4E90-8314-9CFEFAE7E2C0}.Debug|Any CPU.ActiveCfg = Debug|Any CPU
		{BF2B708A-CD0A-4E90-8314-9CFEFAE7E2C0}.Debug|Any CPU.Build.0 = Debug|Any CPU
		{BF2B708A-CD0A-4E90-8314-9CFEFAE7E2C0}.Debug|x64.ActiveCfg = Debug|Any CPU
		{BF2B708A-CD0A-4E90-8314-9CFEFAE7E2C0}.Debug|x64.Build.0 = Debug|Any CPU
		{BF2B708A-CD0A-4E90-8314-9CFEFAE7E2C0}.Debug|x86.ActiveCfg = Debug|Any CPU
		{BF2B708A-CD0A-4E90-8314-9CFEFAE7E2C0}.Debug|x86.Build.0 = Debug|Any CPU
		{BF2B708A-CD0A-4E90-8314-9CFEFAE7E2C0}.Release|Any CPU.ActiveCfg = Release|Any CPU
		{BF2B708A-CD0A-4E90-8314-9CFEFAE7E2C0}.Release|Any CPU.Build.0 = Release|Any CPU
		{BF2B708A-CD0A-4E90-8314-9CFEFAE7E2C0}.Release|x64.ActiveCfg = Release|Any CPU
		{BF2B708A-CD0A-4E90-8314-9CFEFAE7E2C0}.Release|x64.Build.0 = Release|Any CPU
		{BF2B708A-CD0A-4E90-8314-9CFEFAE7E2C0}.Release|x86.ActiveCfg = Release|Any CPU
		{BF2B708A-CD0A-4E90-8314-9CFEFAE7E2C0}.Release|x86.Build.0 = Release|Any CPU
		{5BFEE5FF-B26D-46DB-9164-0BAFCDCE018E}.Debug|Any CPU.ActiveCfg = Debug|Any CPU
		{5BFEE5FF-B26D-46DB-9164-0BAFCDCE018E}.Debug|Any CPU.Build.0 = Debug|Any CPU
		{5BFEE5FF-B26D-46DB-9164-0BAFCDCE018E}.Debug|x64.ActiveCfg = Debug|Any CPU
		{5BFEE5FF-B26D-46DB-9164-0BAFCDCE018E}.Debug|x64.Build.0 = Debug|Any CPU
		{5BFEE5FF-B26D-46DB-9164-0BAFCDCE018E}.Debug|x86.ActiveCfg = Debug|Any CPU
		{5BFEE5FF-B26D-46DB-9164-0BAFCDCE018E}.Debug|x86.Build.0 = Debug|Any CPU
		{5BFEE5FF-B26D-46DB-9164-0BAFCDCE018E}.Release|Any CPU.ActiveCfg = Release|Any CPU
		{5BFEE5FF-B26D-46DB-9164-0BAFCDCE018E}.Release|Any CPU.Build.0 = Release|Any CPU
		{5BFEE5FF-B26D-46DB-9164-0BAFCDCE018E}.Release|x64.ActiveCfg = Release|Any CPU
		{5BFEE5FF-B26D-46DB-9164-0BAFCDCE018E}.Release|x64.Build.0 = Release|Any CPU
		{5BFEE5FF-B26D-46DB-9164-0BAFCDCE018E}.Release|x86.ActiveCfg = Release|Any CPU
		{5BFEE5FF-B26D-46DB-9164-0BAFCDCE018E}.Release|x86.Build.0 = Release|Any CPU
		{43ED4828-C9CB-4FCF-885F-DC5CBD44E21C}.Debug|Any CPU.ActiveCfg = Debug|Any CPU
		{43ED4828-C9CB-4FCF-885F-DC5CBD44E21C}.Debug|Any CPU.Build.0 = Debug|Any CPU
		{43ED4828-C9CB-4FCF-885F-DC5CBD44E21C}.Debug|x64.ActiveCfg = Debug|Any CPU
		{43ED4828-C9CB-4FCF-885F-DC5CBD44E21C}.Debug|x64.Build.0 = Debug|Any CPU
		{43ED4828-C9CB-4FCF-885F-DC5CBD44E21C}.Debug|x86.ActiveCfg = Debug|Any CPU
		{43ED4828-C9CB-4FCF-885F-DC5CBD44E21C}.Debug|x86.Build.0 = Debug|Any CPU
		{43ED4828-C9CB-4FCF-885F-DC5CBD44E21C}.Release|Any CPU.ActiveCfg = Release|Any CPU
		{43ED4828-C9CB-4FCF-885F-DC5CBD44E21C}.Release|Any CPU.Build.0 = Release|Any CPU
		{43ED4828-C9CB-4FCF-885F-DC5CBD44E21C}.Release|x64.ActiveCfg = Release|Any CPU
		{43ED4828-C9CB-4FCF-885F-DC5CBD44E21C}.Release|x64.Build.0 = Release|Any CPU
		{43ED4828-C9CB-4FCF-885F-DC5CBD44E21C}.Release|x86.ActiveCfg = Release|Any CPU
		{43ED4828-C9CB-4FCF-885F-DC5CBD44E21C}.Release|x86.Build.0 = Release|Any CPU
		{1FCF5A5D-9618-44BD-92F8-B7A4337C3C15}.Debug|Any CPU.ActiveCfg = Debug|Any CPU
		{1FCF5A5D-9618-44BD-92F8-B7A4337C3C15}.Debug|Any CPU.Build.0 = Debug|Any CPU
		{1FCF5A5D-9618-44BD-92F8-B7A4337C3C15}.Debug|x64.ActiveCfg = Debug|Any CPU
		{1FCF5A5D-9618-44BD-92F8-B7A4337C3C15}.Debug|x64.Build.0 = Debug|Any CPU
		{1FCF5A5D-9618-44BD-92F8-B7A4337C3C15}.Debug|x86.ActiveCfg = Debug|Any CPU
		{1FCF5A5D-9618-44BD-92F8-B7A4337C3C15}.Debug|x86.Build.0 = Debug|Any CPU
		{1FCF5A5D-9618-44BD-92F8-B7A4337C3C15}.Release|Any CPU.ActiveCfg = Release|Any CPU
		{1FCF5A5D-9618-44BD-92F8-B7A4337C3C15}.Release|Any CPU.Build.0 = Release|Any CPU
		{1FCF5A5D-9618-44BD-92F8-B7A4337C3C15}.Release|x64.ActiveCfg = Release|Any CPU
		{1FCF5A5D-9618-44BD-92F8-B7A4337C3C15}.Release|x64.Build.0 = Release|Any CPU
		{1FCF5A5D-9618-44BD-92F8-B7A4337C3C15}.Release|x86.ActiveCfg = Release|Any CPU
		{1FCF5A5D-9618-44BD-92F8-B7A4337C3C15}.Release|x86.Build.0 = Release|Any CPU
		{8263F50E-FECF-4613-A98B-F46A951C9E39}.Debug|Any CPU.ActiveCfg = Debug|Any CPU
		{8263F50E-FECF-4613-A98B-F46A951C9E39}.Debug|Any CPU.Build.0 = Debug|Any CPU
		{8263F50E-FECF-4613-A98B-F46A951C9E39}.Debug|x64.ActiveCfg = Debug|Any CPU
		{8263F50E-FECF-4613-A98B-F46A951C9E39}.Debug|x64.Build.0 = Debug|Any CPU
		{8263F50E-FECF-4613-A98B-F46A951C9E39}.Debug|x86.ActiveCfg = Debug|Any CPU
		{8263F50E-FECF-4613-A98B-F46A951C9E39}.Debug|x86.Build.0 = Debug|Any CPU
		{8263F50E-FECF-4613-A98B-F46A951C9E39}.Release|Any CPU.ActiveCfg = Release|Any CPU
		{8263F50E-FECF-4613-A98B-F46A951C9E39}.Release|Any CPU.Build.0 = Release|Any CPU
		{8263F50E-FECF-4613-A98B-F46A951C9E39}.Release|x64.ActiveCfg = Release|Any CPU
		{8263F50E-FECF-4613-A98B-F46A951C9E39}.Release|x64.Build.0 = Release|Any CPU
		{8263F50E-FECF-4613-A98B-F46A951C9E39}.Release|x86.ActiveCfg = Release|Any CPU
		{8263F50E-FECF-4613-A98B-F46A951C9E39}.Release|x86.Build.0 = Release|Any CPU
		{CD0FAA76-CC2A-4C05-AF68-84EE1724A3ED}.Debug|Any CPU.ActiveCfg = Debug|Any CPU
		{CD0FAA76-CC2A-4C05-AF68-84EE1724A3ED}.Debug|Any CPU.Build.0 = Debug|Any CPU
		{CD0FAA76-CC2A-4C05-AF68-84EE1724A3ED}.Debug|x64.ActiveCfg = Debug|Any CPU
		{CD0FAA76-CC2A-4C05-AF68-84EE1724A3ED}.Debug|x64.Build.0 = Debug|Any CPU
		{CD0FAA76-CC2A-4C05-AF68-84EE1724A3ED}.Debug|x86.ActiveCfg = Debug|Any CPU
		{CD0FAA76-CC2A-4C05-AF68-84EE1724A3ED}.Debug|x86.Build.0 = Debug|Any CPU
		{CD0FAA76-CC2A-4C05-AF68-84EE1724A3ED}.Release|Any CPU.ActiveCfg = Release|Any CPU
		{CD0FAA76-CC2A-4C05-AF68-84EE1724A3ED}.Release|Any CPU.Build.0 = Release|Any CPU
		{CD0FAA76-CC2A-4C05-AF68-84EE1724A3ED}.Release|x64.ActiveCfg = Release|Any CPU
		{CD0FAA76-CC2A-4C05-AF68-84EE1724A3ED}.Release|x64.Build.0 = Release|Any CPU
		{CD0FAA76-CC2A-4C05-AF68-84EE1724A3ED}.Release|x86.ActiveCfg = Release|Any CPU
		{CD0FAA76-CC2A-4C05-AF68-84EE1724A3ED}.Release|x86.Build.0 = Release|Any CPU
		{8C7DA135-5D75-4CCF-B1CB-2FAFC03EC91B}.Debug|Any CPU.ActiveCfg = Debug|Any CPU
		{8C7DA135-5D75-4CCF-B1CB-2FAFC03EC91B}.Debug|Any CPU.Build.0 = Debug|Any CPU
		{8C7DA135-5D75-4CCF-B1CB-2FAFC03EC91B}.Debug|x64.ActiveCfg = Debug|Any CPU
		{8C7DA135-5D75-4CCF-B1CB-2FAFC03EC91B}.Debug|x64.Build.0 = Debug|Any CPU
		{8C7DA135-5D75-4CCF-B1CB-2FAFC03EC91B}.Debug|x86.ActiveCfg = Debug|Any CPU
		{8C7DA135-5D75-4CCF-B1CB-2FAFC03EC91B}.Debug|x86.Build.0 = Debug|Any CPU
		{8C7DA135-5D75-4CCF-B1CB-2FAFC03EC91B}.Release|Any CPU.ActiveCfg = Release|Any CPU
		{8C7DA135-5D75-4CCF-B1CB-2FAFC03EC91B}.Release|Any CPU.Build.0 = Release|Any CPU
		{8C7DA135-5D75-4CCF-B1CB-2FAFC03EC91B}.Release|x64.ActiveCfg = Release|Any CPU
		{8C7DA135-5D75-4CCF-B1CB-2FAFC03EC91B}.Release|x64.Build.0 = Release|Any CPU
		{8C7DA135-5D75-4CCF-B1CB-2FAFC03EC91B}.Release|x86.ActiveCfg = Release|Any CPU
		{8C7DA135-5D75-4CCF-B1CB-2FAFC03EC91B}.Release|x86.Build.0 = Release|Any CPU
		{7FE533B7-FFAB-49EF-B40D-C02E1C8F6014}.Debug|Any CPU.ActiveCfg = Debug|Any CPU
		{7FE533B7-FFAB-49EF-B40D-C02E1C8F6014}.Debug|Any CPU.Build.0 = Debug|Any CPU
		{7FE533B7-FFAB-49EF-B40D-C02E1C8F6014}.Debug|x64.ActiveCfg = Debug|Any CPU
		{7FE533B7-FFAB-49EF-B40D-C02E1C8F6014}.Debug|x64.Build.0 = Debug|Any CPU
		{7FE533B7-FFAB-49EF-B40D-C02E1C8F6014}.Debug|x86.ActiveCfg = Debug|Any CPU
		{7FE533B7-FFAB-49EF-B40D-C02E1C8F6014}.Debug|x86.Build.0 = Debug|Any CPU
		{7FE533B7-FFAB-49EF-B40D-C02E1C8F6014}.Release|Any CPU.ActiveCfg = Release|Any CPU
		{7FE533B7-FFAB-49EF-B40D-C02E1C8F6014}.Release|Any CPU.Build.0 = Release|Any CPU
		{7FE533B7-FFAB-49EF-B40D-C02E1C8F6014}.Release|x64.ActiveCfg = Release|Any CPU
		{7FE533B7-FFAB-49EF-B40D-C02E1C8F6014}.Release|x64.Build.0 = Release|Any CPU
		{7FE533B7-FFAB-49EF-B40D-C02E1C8F6014}.Release|x86.ActiveCfg = Release|Any CPU
		{7FE533B7-FFAB-49EF-B40D-C02E1C8F6014}.Release|x86.Build.0 = Release|Any CPU
		{DB458627-19A2-4C94-B28E-0E5DDA3288A8}.Debug|Any CPU.ActiveCfg = Debug|Any CPU
		{DB458627-19A2-4C94-B28E-0E5DDA3288A8}.Debug|Any CPU.Build.0 = Debug|Any CPU
		{DB458627-19A2-4C94-B28E-0E5DDA3288A8}.Debug|x64.ActiveCfg = Debug|Any CPU
		{DB458627-19A2-4C94-B28E-0E5DDA3288A8}.Debug|x64.Build.0 = Debug|Any CPU
		{DB458627-19A2-4C94-B28E-0E5DDA3288A8}.Debug|x86.ActiveCfg = Debug|Any CPU
		{DB458627-19A2-4C94-B28E-0E5DDA3288A8}.Debug|x86.Build.0 = Debug|Any CPU
		{DB458627-19A2-4C94-B28E-0E5DDA3288A8}.Release|Any CPU.ActiveCfg = Release|Any CPU
		{DB458627-19A2-4C94-B28E-0E5DDA3288A8}.Release|Any CPU.Build.0 = Release|Any CPU
		{DB458627-19A2-4C94-B28E-0E5DDA3288A8}.Release|x64.ActiveCfg = Release|Any CPU
		{DB458627-19A2-4C94-B28E-0E5DDA3288A8}.Release|x64.Build.0 = Release|Any CPU
		{DB458627-19A2-4C94-B28E-0E5DDA3288A8}.Release|x86.ActiveCfg = Release|Any CPU
		{DB458627-19A2-4C94-B28E-0E5DDA3288A8}.Release|x86.Build.0 = Release|Any CPU
		{C5BDBDB2-E6DF-468E-B83E-AEC29C27D7E4}.Debug|Any CPU.ActiveCfg = Debug|Any CPU
		{C5BDBDB2-E6DF-468E-B83E-AEC29C27D7E4}.Debug|Any CPU.Build.0 = Debug|Any CPU
		{C5BDBDB2-E6DF-468E-B83E-AEC29C27D7E4}.Debug|x64.ActiveCfg = Debug|Any CPU
		{C5BDBDB2-E6DF-468E-B83E-AEC29C27D7E4}.Debug|x64.Build.0 = Debug|Any CPU
		{C5BDBDB2-E6DF-468E-B83E-AEC29C27D7E4}.Debug|x86.ActiveCfg = Debug|Any CPU
		{C5BDBDB2-E6DF-468E-B83E-AEC29C27D7E4}.Debug|x86.Build.0 = Debug|Any CPU
		{C5BDBDB2-E6DF-468E-B83E-AEC29C27D7E4}.Release|Any CPU.ActiveCfg = Release|Any CPU
		{C5BDBDB2-E6DF-468E-B83E-AEC29C27D7E4}.Release|Any CPU.Build.0 = Release|Any CPU
		{C5BDBDB2-E6DF-468E-B83E-AEC29C27D7E4}.Release|x64.ActiveCfg = Release|Any CPU
		{C5BDBDB2-E6DF-468E-B83E-AEC29C27D7E4}.Release|x64.Build.0 = Release|Any CPU
		{C5BDBDB2-E6DF-468E-B83E-AEC29C27D7E4}.Release|x86.ActiveCfg = Release|Any CPU
		{C5BDBDB2-E6DF-468E-B83E-AEC29C27D7E4}.Release|x86.Build.0 = Release|Any CPU
		{F141F23D-15AA-4F05-A081-DC5F8DDB7355}.Debug|Any CPU.ActiveCfg = Debug|Any CPU
		{F141F23D-15AA-4F05-A081-DC5F8DDB7355}.Debug|Any CPU.Build.0 = Debug|Any CPU
		{F141F23D-15AA-4F05-A081-DC5F8DDB7355}.Debug|x64.ActiveCfg = Debug|Any CPU
		{F141F23D-15AA-4F05-A081-DC5F8DDB7355}.Debug|x64.Build.0 = Debug|Any CPU
		{F141F23D-15AA-4F05-A081-DC5F8DDB7355}.Debug|x86.ActiveCfg = Debug|Any CPU
		{F141F23D-15AA-4F05-A081-DC5F8DDB7355}.Debug|x86.Build.0 = Debug|Any CPU
		{F141F23D-15AA-4F05-A081-DC5F8DDB7355}.Release|Any CPU.ActiveCfg = Release|Any CPU
		{F141F23D-15AA-4F05-A081-DC5F8DDB7355}.Release|Any CPU.Build.0 = Release|Any CPU
		{F141F23D-15AA-4F05-A081-DC5F8DDB7355}.Release|x64.ActiveCfg = Release|Any CPU
		{F141F23D-15AA-4F05-A081-DC5F8DDB7355}.Release|x64.Build.0 = Release|Any CPU
		{F141F23D-15AA-4F05-A081-DC5F8DDB7355}.Release|x86.ActiveCfg = Release|Any CPU
		{F141F23D-15AA-4F05-A081-DC5F8DDB7355}.Release|x86.Build.0 = Release|Any CPU
		{4A4EE238-A6DB-4022-9299-713A60AB816D}.Debug|Any CPU.ActiveCfg = Debug|Any CPU
		{4A4EE238-A6DB-4022-9299-713A60AB816D}.Debug|Any CPU.Build.0 = Debug|Any CPU
		{4A4EE238-A6DB-4022-9299-713A60AB816D}.Debug|x64.ActiveCfg = Debug|Any CPU
		{4A4EE238-A6DB-4022-9299-713A60AB816D}.Debug|x64.Build.0 = Debug|Any CPU
		{4A4EE238-A6DB-4022-9299-713A60AB816D}.Debug|x86.ActiveCfg = Debug|Any CPU
		{4A4EE238-A6DB-4022-9299-713A60AB816D}.Debug|x86.Build.0 = Debug|Any CPU
		{4A4EE238-A6DB-4022-9299-713A60AB816D}.Release|Any CPU.ActiveCfg = Release|Any CPU
		{4A4EE238-A6DB-4022-9299-713A60AB816D}.Release|Any CPU.Build.0 = Release|Any CPU
		{4A4EE238-A6DB-4022-9299-713A60AB816D}.Release|x64.ActiveCfg = Release|Any CPU
		{4A4EE238-A6DB-4022-9299-713A60AB816D}.Release|x64.Build.0 = Release|Any CPU
		{4A4EE238-A6DB-4022-9299-713A60AB816D}.Release|x86.ActiveCfg = Release|Any CPU
		{4A4EE238-A6DB-4022-9299-713A60AB816D}.Release|x86.Build.0 = Release|Any CPU
		{131AA69D-0328-4198-8FA2-01E879DD32ED}.Debug|Any CPU.ActiveCfg = Debug|Any CPU
		{131AA69D-0328-4198-8FA2-01E879DD32ED}.Debug|Any CPU.Build.0 = Debug|Any CPU
		{131AA69D-0328-4198-8FA2-01E879DD32ED}.Debug|x64.ActiveCfg = Debug|Any CPU
		{131AA69D-0328-4198-8FA2-01E879DD32ED}.Debug|x64.Build.0 = Debug|Any CPU
		{131AA69D-0328-4198-8FA2-01E879DD32ED}.Debug|x86.ActiveCfg = Debug|Any CPU
		{131AA69D-0328-4198-8FA2-01E879DD32ED}.Debug|x86.Build.0 = Debug|Any CPU
		{131AA69D-0328-4198-8FA2-01E879DD32ED}.Release|Any CPU.ActiveCfg = Release|Any CPU
		{131AA69D-0328-4198-8FA2-01E879DD32ED}.Release|Any CPU.Build.0 = Release|Any CPU
		{131AA69D-0328-4198-8FA2-01E879DD32ED}.Release|x64.ActiveCfg = Release|Any CPU
		{131AA69D-0328-4198-8FA2-01E879DD32ED}.Release|x64.Build.0 = Release|Any CPU
		{131AA69D-0328-4198-8FA2-01E879DD32ED}.Release|x86.ActiveCfg = Release|Any CPU
		{131AA69D-0328-4198-8FA2-01E879DD32ED}.Release|x86.Build.0 = Release|Any CPU
		{61850411-6D7C-4E18-93A2-8DB0CFE4AE38}.Debug|Any CPU.ActiveCfg = Debug|Any CPU
		{61850411-6D7C-4E18-93A2-8DB0CFE4AE38}.Debug|Any CPU.Build.0 = Debug|Any CPU
		{61850411-6D7C-4E18-93A2-8DB0CFE4AE38}.Debug|x64.ActiveCfg = Debug|Any CPU
		{61850411-6D7C-4E18-93A2-8DB0CFE4AE38}.Debug|x64.Build.0 = Debug|Any CPU
		{61850411-6D7C-4E18-93A2-8DB0CFE4AE38}.Debug|x86.ActiveCfg = Debug|Any CPU
		{61850411-6D7C-4E18-93A2-8DB0CFE4AE38}.Debug|x86.Build.0 = Debug|Any CPU
		{61850411-6D7C-4E18-93A2-8DB0CFE4AE38}.Release|Any CPU.ActiveCfg = Release|Any CPU
		{61850411-6D7C-4E18-93A2-8DB0CFE4AE38}.Release|Any CPU.Build.0 = Release|Any CPU
		{61850411-6D7C-4E18-93A2-8DB0CFE4AE38}.Release|x64.ActiveCfg = Release|Any CPU
		{61850411-6D7C-4E18-93A2-8DB0CFE4AE38}.Release|x64.Build.0 = Release|Any CPU
		{61850411-6D7C-4E18-93A2-8DB0CFE4AE38}.Release|x86.ActiveCfg = Release|Any CPU
		{61850411-6D7C-4E18-93A2-8DB0CFE4AE38}.Release|x86.Build.0 = Release|Any CPU
		{E728194E-817E-4DB3-81B6-6451C074953C}.Debug|Any CPU.ActiveCfg = Debug|Any CPU
		{E728194E-817E-4DB3-81B6-6451C074953C}.Debug|Any CPU.Build.0 = Debug|Any CPU
		{E728194E-817E-4DB3-81B6-6451C074953C}.Debug|x64.ActiveCfg = Debug|Any CPU
		{E728194E-817E-4DB3-81B6-6451C074953C}.Debug|x64.Build.0 = Debug|Any CPU
		{E728194E-817E-4DB3-81B6-6451C074953C}.Debug|x86.ActiveCfg = Debug|Any CPU
		{E728194E-817E-4DB3-81B6-6451C074953C}.Debug|x86.Build.0 = Debug|Any CPU
		{E728194E-817E-4DB3-81B6-6451C074953C}.Release|Any CPU.ActiveCfg = Release|Any CPU
		{E728194E-817E-4DB3-81B6-6451C074953C}.Release|Any CPU.Build.0 = Release|Any CPU
		{E728194E-817E-4DB3-81B6-6451C074953C}.Release|x64.ActiveCfg = Release|Any CPU
		{E728194E-817E-4DB3-81B6-6451C074953C}.Release|x64.Build.0 = Release|Any CPU
		{E728194E-817E-4DB3-81B6-6451C074953C}.Release|x86.ActiveCfg = Release|Any CPU
		{E728194E-817E-4DB3-81B6-6451C074953C}.Release|x86.Build.0 = Release|Any CPU
		{4B3D7B2C-BB82-4E09-B27C-C11429270162}.Debug|Any CPU.ActiveCfg = Debug|Any CPU
		{4B3D7B2C-BB82-4E09-B27C-C11429270162}.Debug|Any CPU.Build.0 = Debug|Any CPU
		{4B3D7B2C-BB82-4E09-B27C-C11429270162}.Debug|x64.ActiveCfg = Debug|Any CPU
		{4B3D7B2C-BB82-4E09-B27C-C11429270162}.Debug|x64.Build.0 = Debug|Any CPU
		{4B3D7B2C-BB82-4E09-B27C-C11429270162}.Debug|x86.ActiveCfg = Debug|Any CPU
		{4B3D7B2C-BB82-4E09-B27C-C11429270162}.Debug|x86.Build.0 = Debug|Any CPU
		{4B3D7B2C-BB82-4E09-B27C-C11429270162}.Release|Any CPU.ActiveCfg = Release|Any CPU
		{4B3D7B2C-BB82-4E09-B27C-C11429270162}.Release|Any CPU.Build.0 = Release|Any CPU
		{4B3D7B2C-BB82-4E09-B27C-C11429270162}.Release|x64.ActiveCfg = Release|Any CPU
		{4B3D7B2C-BB82-4E09-B27C-C11429270162}.Release|x64.Build.0 = Release|Any CPU
		{4B3D7B2C-BB82-4E09-B27C-C11429270162}.Release|x86.ActiveCfg = Release|Any CPU
		{4B3D7B2C-BB82-4E09-B27C-C11429270162}.Release|x86.Build.0 = Release|Any CPU
		{63504032-D1D0-4D01-8B5E-CAF80E878B4E}.Debug|Any CPU.ActiveCfg = Debug|Any CPU
		{63504032-D1D0-4D01-8B5E-CAF80E878B4E}.Debug|Any CPU.Build.0 = Debug|Any CPU
		{63504032-D1D0-4D01-8B5E-CAF80E878B4E}.Debug|x64.ActiveCfg = Debug|Any CPU
		{63504032-D1D0-4D01-8B5E-CAF80E878B4E}.Debug|x64.Build.0 = Debug|Any CPU
		{63504032-D1D0-4D01-8B5E-CAF80E878B4E}.Debug|x86.ActiveCfg = Debug|Any CPU
		{63504032-D1D0-4D01-8B5E-CAF80E878B4E}.Debug|x86.Build.0 = Debug|Any CPU
		{63504032-D1D0-4D01-8B5E-CAF80E878B4E}.Release|Any CPU.ActiveCfg = Release|Any CPU
		{63504032-D1D0-4D01-8B5E-CAF80E878B4E}.Release|Any CPU.Build.0 = Release|Any CPU
		{63504032-D1D0-4D01-8B5E-CAF80E878B4E}.Release|x64.ActiveCfg = Release|Any CPU
		{63504032-D1D0-4D01-8B5E-CAF80E878B4E}.Release|x64.Build.0 = Release|Any CPU
		{63504032-D1D0-4D01-8B5E-CAF80E878B4E}.Release|x86.ActiveCfg = Release|Any CPU
		{63504032-D1D0-4D01-8B5E-CAF80E878B4E}.Release|x86.Build.0 = Release|Any CPU
		{74FECF37-3ED0-4502-BDA1-86468A0FD662}.Debug|Any CPU.ActiveCfg = Debug|Any CPU
		{74FECF37-3ED0-4502-BDA1-86468A0FD662}.Debug|Any CPU.Build.0 = Debug|Any CPU
		{74FECF37-3ED0-4502-BDA1-86468A0FD662}.Debug|x64.ActiveCfg = Debug|Any CPU
		{74FECF37-3ED0-4502-BDA1-86468A0FD662}.Debug|x64.Build.0 = Debug|Any CPU
		{74FECF37-3ED0-4502-BDA1-86468A0FD662}.Debug|x86.ActiveCfg = Debug|Any CPU
		{74FECF37-3ED0-4502-BDA1-86468A0FD662}.Debug|x86.Build.0 = Debug|Any CPU
		{74FECF37-3ED0-4502-BDA1-86468A0FD662}.Release|Any CPU.ActiveCfg = Release|Any CPU
		{74FECF37-3ED0-4502-BDA1-86468A0FD662}.Release|Any CPU.Build.0 = Release|Any CPU
		{74FECF37-3ED0-4502-BDA1-86468A0FD662}.Release|x64.ActiveCfg = Release|Any CPU
		{74FECF37-3ED0-4502-BDA1-86468A0FD662}.Release|x64.Build.0 = Release|Any CPU
		{74FECF37-3ED0-4502-BDA1-86468A0FD662}.Release|x86.ActiveCfg = Release|Any CPU
		{74FECF37-3ED0-4502-BDA1-86468A0FD662}.Release|x86.Build.0 = Release|Any CPU
		{39829ED3-649B-4312-B7BC-B2D41B538A01}.Debug|Any CPU.ActiveCfg = Debug|Any CPU
		{39829ED3-649B-4312-B7BC-B2D41B538A01}.Debug|Any CPU.Build.0 = Debug|Any CPU
		{39829ED3-649B-4312-B7BC-B2D41B538A01}.Debug|x64.ActiveCfg = Debug|Any CPU
		{39829ED3-649B-4312-B7BC-B2D41B538A01}.Debug|x64.Build.0 = Debug|Any CPU
		{39829ED3-649B-4312-B7BC-B2D41B538A01}.Debug|x86.ActiveCfg = Debug|Any CPU
		{39829ED3-649B-4312-B7BC-B2D41B538A01}.Debug|x86.Build.0 = Debug|Any CPU
		{39829ED3-649B-4312-B7BC-B2D41B538A01}.Release|Any CPU.ActiveCfg = Release|Any CPU
		{39829ED3-649B-4312-B7BC-B2D41B538A01}.Release|Any CPU.Build.0 = Release|Any CPU
		{39829ED3-649B-4312-B7BC-B2D41B538A01}.Release|x64.ActiveCfg = Release|Any CPU
		{39829ED3-649B-4312-B7BC-B2D41B538A01}.Release|x64.Build.0 = Release|Any CPU
		{39829ED3-649B-4312-B7BC-B2D41B538A01}.Release|x86.ActiveCfg = Release|Any CPU
		{39829ED3-649B-4312-B7BC-B2D41B538A01}.Release|x86.Build.0 = Release|Any CPU
		{E22CD0FF-D7E7-46A6-97CB-3DAE384A2D31}.Debug|Any CPU.ActiveCfg = Debug|Any CPU
		{E22CD0FF-D7E7-46A6-97CB-3DAE384A2D31}.Debug|Any CPU.Build.0 = Debug|Any CPU
		{E22CD0FF-D7E7-46A6-97CB-3DAE384A2D31}.Debug|x64.ActiveCfg = Debug|Any CPU
		{E22CD0FF-D7E7-46A6-97CB-3DAE384A2D31}.Debug|x64.Build.0 = Debug|Any CPU
		{E22CD0FF-D7E7-46A6-97CB-3DAE384A2D31}.Debug|x86.ActiveCfg = Debug|Any CPU
		{E22CD0FF-D7E7-46A6-97CB-3DAE384A2D31}.Debug|x86.Build.0 = Debug|Any CPU
		{E22CD0FF-D7E7-46A6-97CB-3DAE384A2D31}.Release|Any CPU.ActiveCfg = Release|Any CPU
		{E22CD0FF-D7E7-46A6-97CB-3DAE384A2D31}.Release|Any CPU.Build.0 = Release|Any CPU
		{E22CD0FF-D7E7-46A6-97CB-3DAE384A2D31}.Release|x64.ActiveCfg = Release|Any CPU
		{E22CD0FF-D7E7-46A6-97CB-3DAE384A2D31}.Release|x64.Build.0 = Release|Any CPU
		{E22CD0FF-D7E7-46A6-97CB-3DAE384A2D31}.Release|x86.ActiveCfg = Release|Any CPU
		{E22CD0FF-D7E7-46A6-97CB-3DAE384A2D31}.Release|x86.Build.0 = Release|Any CPU
		{1C25261A-2BDA-4AEC-B6F7-5D378D68B0C4}.Debug|Any CPU.ActiveCfg = Debug|Any CPU
		{1C25261A-2BDA-4AEC-B6F7-5D378D68B0C4}.Debug|Any CPU.Build.0 = Debug|Any CPU
		{1C25261A-2BDA-4AEC-B6F7-5D378D68B0C4}.Debug|x64.ActiveCfg = Debug|Any CPU
		{1C25261A-2BDA-4AEC-B6F7-5D378D68B0C4}.Debug|x64.Build.0 = Debug|Any CPU
		{1C25261A-2BDA-4AEC-B6F7-5D378D68B0C4}.Debug|x86.ActiveCfg = Debug|Any CPU
		{1C25261A-2BDA-4AEC-B6F7-5D378D68B0C4}.Debug|x86.Build.0 = Debug|Any CPU
		{1C25261A-2BDA-4AEC-B6F7-5D378D68B0C4}.Release|Any CPU.ActiveCfg = Release|Any CPU
		{1C25261A-2BDA-4AEC-B6F7-5D378D68B0C4}.Release|Any CPU.Build.0 = Release|Any CPU
		{1C25261A-2BDA-4AEC-B6F7-5D378D68B0C4}.Release|x64.ActiveCfg = Release|Any CPU
		{1C25261A-2BDA-4AEC-B6F7-5D378D68B0C4}.Release|x64.Build.0 = Release|Any CPU
		{1C25261A-2BDA-4AEC-B6F7-5D378D68B0C4}.Release|x86.ActiveCfg = Release|Any CPU
		{1C25261A-2BDA-4AEC-B6F7-5D378D68B0C4}.Release|x86.Build.0 = Release|Any CPU
		{5C6680AB-BA4F-4F95-98E7-9D4BDC678B32}.Debug|Any CPU.ActiveCfg = Debug|Any CPU
		{5C6680AB-BA4F-4F95-98E7-9D4BDC678B32}.Debug|Any CPU.Build.0 = Debug|Any CPU
		{5C6680AB-BA4F-4F95-98E7-9D4BDC678B32}.Debug|x64.ActiveCfg = Debug|Any CPU
		{5C6680AB-BA4F-4F95-98E7-9D4BDC678B32}.Debug|x64.Build.0 = Debug|Any CPU
		{5C6680AB-BA4F-4F95-98E7-9D4BDC678B32}.Debug|x86.ActiveCfg = Debug|Any CPU
		{5C6680AB-BA4F-4F95-98E7-9D4BDC678B32}.Debug|x86.Build.0 = Debug|Any CPU
		{5C6680AB-BA4F-4F95-98E7-9D4BDC678B32}.Release|Any CPU.ActiveCfg = Release|Any CPU
		{5C6680AB-BA4F-4F95-98E7-9D4BDC678B32}.Release|Any CPU.Build.0 = Release|Any CPU
		{5C6680AB-BA4F-4F95-98E7-9D4BDC678B32}.Release|x64.ActiveCfg = Release|Any CPU
		{5C6680AB-BA4F-4F95-98E7-9D4BDC678B32}.Release|x64.Build.0 = Release|Any CPU
		{5C6680AB-BA4F-4F95-98E7-9D4BDC678B32}.Release|x86.ActiveCfg = Release|Any CPU
		{5C6680AB-BA4F-4F95-98E7-9D4BDC678B32}.Release|x86.Build.0 = Release|Any CPU
		{CE5E9229-E679-42C1-9626-0E160A635C49}.Debug|Any CPU.ActiveCfg = Debug|Any CPU
		{CE5E9229-E679-42C1-9626-0E160A635C49}.Debug|Any CPU.Build.0 = Debug|Any CPU
		{CE5E9229-E679-42C1-9626-0E160A635C49}.Debug|x64.ActiveCfg = Debug|Any CPU
		{CE5E9229-E679-42C1-9626-0E160A635C49}.Debug|x64.Build.0 = Debug|Any CPU
		{CE5E9229-E679-42C1-9626-0E160A635C49}.Debug|x86.ActiveCfg = Debug|Any CPU
		{CE5E9229-E679-42C1-9626-0E160A635C49}.Debug|x86.Build.0 = Debug|Any CPU
		{CE5E9229-E679-42C1-9626-0E160A635C49}.Release|Any CPU.ActiveCfg = Release|Any CPU
		{CE5E9229-E679-42C1-9626-0E160A635C49}.Release|Any CPU.Build.0 = Release|Any CPU
		{CE5E9229-E679-42C1-9626-0E160A635C49}.Release|x64.ActiveCfg = Release|Any CPU
		{CE5E9229-E679-42C1-9626-0E160A635C49}.Release|x64.Build.0 = Release|Any CPU
		{CE5E9229-E679-42C1-9626-0E160A635C49}.Release|x86.ActiveCfg = Release|Any CPU
		{CE5E9229-E679-42C1-9626-0E160A635C49}.Release|x86.Build.0 = Release|Any CPU
		{BDB92CEA-3E91-445D-AEEF-34D5222213F5}.Debug|Any CPU.ActiveCfg = Debug|Any CPU
		{BDB92CEA-3E91-445D-AEEF-34D5222213F5}.Debug|Any CPU.Build.0 = Debug|Any CPU
		{BDB92CEA-3E91-445D-AEEF-34D5222213F5}.Debug|x64.ActiveCfg = Debug|Any CPU
		{BDB92CEA-3E91-445D-AEEF-34D5222213F5}.Debug|x64.Build.0 = Debug|Any CPU
		{BDB92CEA-3E91-445D-AEEF-34D5222213F5}.Debug|x86.ActiveCfg = Debug|Any CPU
		{BDB92CEA-3E91-445D-AEEF-34D5222213F5}.Debug|x86.Build.0 = Debug|Any CPU
		{BDB92CEA-3E91-445D-AEEF-34D5222213F5}.Release|Any CPU.ActiveCfg = Release|Any CPU
		{BDB92CEA-3E91-445D-AEEF-34D5222213F5}.Release|Any CPU.Build.0 = Release|Any CPU
		{BDB92CEA-3E91-445D-AEEF-34D5222213F5}.Release|x64.ActiveCfg = Release|Any CPU
		{BDB92CEA-3E91-445D-AEEF-34D5222213F5}.Release|x64.Build.0 = Release|Any CPU
		{BDB92CEA-3E91-445D-AEEF-34D5222213F5}.Release|x86.ActiveCfg = Release|Any CPU
		{BDB92CEA-3E91-445D-AEEF-34D5222213F5}.Release|x86.Build.0 = Release|Any CPU
		{04BA88F2-39E4-4233-9B84-2C0A67EDA59B}.Debug|Any CPU.ActiveCfg = Debug|Any CPU
		{04BA88F2-39E4-4233-9B84-2C0A67EDA59B}.Debug|Any CPU.Build.0 = Debug|Any CPU
		{04BA88F2-39E4-4233-9B84-2C0A67EDA59B}.Debug|x64.ActiveCfg = Debug|Any CPU
		{04BA88F2-39E4-4233-9B84-2C0A67EDA59B}.Debug|x64.Build.0 = Debug|Any CPU
		{04BA88F2-39E4-4233-9B84-2C0A67EDA59B}.Debug|x86.ActiveCfg = Debug|Any CPU
		{04BA88F2-39E4-4233-9B84-2C0A67EDA59B}.Debug|x86.Build.0 = Debug|Any CPU
		{04BA88F2-39E4-4233-9B84-2C0A67EDA59B}.Release|Any CPU.ActiveCfg = Release|Any CPU
		{04BA88F2-39E4-4233-9B84-2C0A67EDA59B}.Release|Any CPU.Build.0 = Release|Any CPU
		{04BA88F2-39E4-4233-9B84-2C0A67EDA59B}.Release|x64.ActiveCfg = Release|Any CPU
		{04BA88F2-39E4-4233-9B84-2C0A67EDA59B}.Release|x64.Build.0 = Release|Any CPU
		{04BA88F2-39E4-4233-9B84-2C0A67EDA59B}.Release|x86.ActiveCfg = Release|Any CPU
		{04BA88F2-39E4-4233-9B84-2C0A67EDA59B}.Release|x86.Build.0 = Release|Any CPU
		{ED452088-FCD3-4660-A2C2-7A12429884B4}.Debug|Any CPU.ActiveCfg = Debug|Any CPU
		{ED452088-FCD3-4660-A2C2-7A12429884B4}.Debug|Any CPU.Build.0 = Debug|Any CPU
		{ED452088-FCD3-4660-A2C2-7A12429884B4}.Debug|x64.ActiveCfg = Debug|Any CPU
		{ED452088-FCD3-4660-A2C2-7A12429884B4}.Debug|x64.Build.0 = Debug|Any CPU
		{ED452088-FCD3-4660-A2C2-7A12429884B4}.Debug|x86.ActiveCfg = Debug|Any CPU
		{ED452088-FCD3-4660-A2C2-7A12429884B4}.Debug|x86.Build.0 = Debug|Any CPU
		{ED452088-FCD3-4660-A2C2-7A12429884B4}.Release|Any CPU.ActiveCfg = Release|Any CPU
		{ED452088-FCD3-4660-A2C2-7A12429884B4}.Release|Any CPU.Build.0 = Release|Any CPU
		{ED452088-FCD3-4660-A2C2-7A12429884B4}.Release|x64.ActiveCfg = Release|Any CPU
		{ED452088-FCD3-4660-A2C2-7A12429884B4}.Release|x64.Build.0 = Release|Any CPU
		{ED452088-FCD3-4660-A2C2-7A12429884B4}.Release|x86.ActiveCfg = Release|Any CPU
		{ED452088-FCD3-4660-A2C2-7A12429884B4}.Release|x86.Build.0 = Release|Any CPU
		{B63A144C-64A0-4EB3-AD30-3B12A5F3F59D}.Debug|Any CPU.ActiveCfg = Debug|Any CPU
		{B63A144C-64A0-4EB3-AD30-3B12A5F3F59D}.Debug|Any CPU.Build.0 = Debug|Any CPU
		{B63A144C-64A0-4EB3-AD30-3B12A5F3F59D}.Debug|x64.ActiveCfg = Debug|Any CPU
		{B63A144C-64A0-4EB3-AD30-3B12A5F3F59D}.Debug|x64.Build.0 = Debug|Any CPU
		{B63A144C-64A0-4EB3-AD30-3B12A5F3F59D}.Debug|x86.ActiveCfg = Debug|Any CPU
		{B63A144C-64A0-4EB3-AD30-3B12A5F3F59D}.Debug|x86.Build.0 = Debug|Any CPU
		{B63A144C-64A0-4EB3-AD30-3B12A5F3F59D}.Release|Any CPU.ActiveCfg = Release|Any CPU
		{B63A144C-64A0-4EB3-AD30-3B12A5F3F59D}.Release|Any CPU.Build.0 = Release|Any CPU
		{B63A144C-64A0-4EB3-AD30-3B12A5F3F59D}.Release|x64.ActiveCfg = Release|Any CPU
		{B63A144C-64A0-4EB3-AD30-3B12A5F3F59D}.Release|x64.Build.0 = Release|Any CPU
		{B63A144C-64A0-4EB3-AD30-3B12A5F3F59D}.Release|x86.ActiveCfg = Release|Any CPU
		{B63A144C-64A0-4EB3-AD30-3B12A5F3F59D}.Release|x86.Build.0 = Release|Any CPU
		{68A4E47A-06A4-453E-BFC6-D560F85DDEC4}.Debug|Any CPU.ActiveCfg = Debug|Any CPU
		{68A4E47A-06A4-453E-BFC6-D560F85DDEC4}.Debug|Any CPU.Build.0 = Debug|Any CPU
		{68A4E47A-06A4-453E-BFC6-D560F85DDEC4}.Debug|x64.ActiveCfg = Debug|Any CPU
		{68A4E47A-06A4-453E-BFC6-D560F85DDEC4}.Debug|x64.Build.0 = Debug|Any CPU
		{68A4E47A-06A4-453E-BFC6-D560F85DDEC4}.Debug|x86.ActiveCfg = Debug|Any CPU
		{68A4E47A-06A4-453E-BFC6-D560F85DDEC4}.Debug|x86.Build.0 = Debug|Any CPU
		{68A4E47A-06A4-453E-BFC6-D560F85DDEC4}.Release|Any CPU.ActiveCfg = Release|Any CPU
		{68A4E47A-06A4-453E-BFC6-D560F85DDEC4}.Release|Any CPU.Build.0 = Release|Any CPU
		{68A4E47A-06A4-453E-BFC6-D560F85DDEC4}.Release|x64.ActiveCfg = Release|Any CPU
		{68A4E47A-06A4-453E-BFC6-D560F85DDEC4}.Release|x64.Build.0 = Release|Any CPU
		{68A4E47A-06A4-453E-BFC6-D560F85DDEC4}.Release|x86.ActiveCfg = Release|Any CPU
		{68A4E47A-06A4-453E-BFC6-D560F85DDEC4}.Release|x86.Build.0 = Release|Any CPU
		{0CEB59E6-2EF5-4532-89D0-A22385CDE975}.Debug|Any CPU.ActiveCfg = Debug|Any CPU
		{0CEB59E6-2EF5-4532-89D0-A22385CDE975}.Debug|Any CPU.Build.0 = Debug|Any CPU
		{0CEB59E6-2EF5-4532-89D0-A22385CDE975}.Debug|x64.ActiveCfg = Debug|Any CPU
		{0CEB59E6-2EF5-4532-89D0-A22385CDE975}.Debug|x64.Build.0 = Debug|Any CPU
		{0CEB59E6-2EF5-4532-89D0-A22385CDE975}.Debug|x86.ActiveCfg = Debug|Any CPU
		{0CEB59E6-2EF5-4532-89D0-A22385CDE975}.Debug|x86.Build.0 = Debug|Any CPU
		{0CEB59E6-2EF5-4532-89D0-A22385CDE975}.Release|Any CPU.ActiveCfg = Release|Any CPU
		{0CEB59E6-2EF5-4532-89D0-A22385CDE975}.Release|Any CPU.Build.0 = Release|Any CPU
		{0CEB59E6-2EF5-4532-89D0-A22385CDE975}.Release|x64.ActiveCfg = Release|Any CPU
		{0CEB59E6-2EF5-4532-89D0-A22385CDE975}.Release|x64.Build.0 = Release|Any CPU
		{0CEB59E6-2EF5-4532-89D0-A22385CDE975}.Release|x86.ActiveCfg = Release|Any CPU
		{0CEB59E6-2EF5-4532-89D0-A22385CDE975}.Release|x86.Build.0 = Release|Any CPU
		{CCE3586F-FE12-464F-BD5B-3294F3654CCB}.Debug|Any CPU.ActiveCfg = Debug|Any CPU
		{CCE3586F-FE12-464F-BD5B-3294F3654CCB}.Debug|Any CPU.Build.0 = Debug|Any CPU
		{CCE3586F-FE12-464F-BD5B-3294F3654CCB}.Debug|x64.ActiveCfg = Debug|Any CPU
		{CCE3586F-FE12-464F-BD5B-3294F3654CCB}.Debug|x64.Build.0 = Debug|Any CPU
		{CCE3586F-FE12-464F-BD5B-3294F3654CCB}.Debug|x86.ActiveCfg = Debug|Any CPU
		{CCE3586F-FE12-464F-BD5B-3294F3654CCB}.Debug|x86.Build.0 = Debug|Any CPU
		{CCE3586F-FE12-464F-BD5B-3294F3654CCB}.Release|Any CPU.ActiveCfg = Release|Any CPU
		{CCE3586F-FE12-464F-BD5B-3294F3654CCB}.Release|Any CPU.Build.0 = Release|Any CPU
		{CCE3586F-FE12-464F-BD5B-3294F3654CCB}.Release|x64.ActiveCfg = Release|Any CPU
		{CCE3586F-FE12-464F-BD5B-3294F3654CCB}.Release|x64.Build.0 = Release|Any CPU
		{CCE3586F-FE12-464F-BD5B-3294F3654CCB}.Release|x86.ActiveCfg = Release|Any CPU
		{CCE3586F-FE12-464F-BD5B-3294F3654CCB}.Release|x86.Build.0 = Release|Any CPU
		{294A2CAC-0069-4D35-BDAA-0030AAFDEB4C}.Debug|Any CPU.ActiveCfg = Debug|Any CPU
		{294A2CAC-0069-4D35-BDAA-0030AAFDEB4C}.Debug|Any CPU.Build.0 = Debug|Any CPU
		{294A2CAC-0069-4D35-BDAA-0030AAFDEB4C}.Debug|x64.ActiveCfg = Debug|Any CPU
		{294A2CAC-0069-4D35-BDAA-0030AAFDEB4C}.Debug|x64.Build.0 = Debug|Any CPU
		{294A2CAC-0069-4D35-BDAA-0030AAFDEB4C}.Debug|x86.ActiveCfg = Debug|Any CPU
		{294A2CAC-0069-4D35-BDAA-0030AAFDEB4C}.Debug|x86.Build.0 = Debug|Any CPU
		{294A2CAC-0069-4D35-BDAA-0030AAFDEB4C}.Release|Any CPU.ActiveCfg = Release|Any CPU
		{294A2CAC-0069-4D35-BDAA-0030AAFDEB4C}.Release|Any CPU.Build.0 = Release|Any CPU
		{294A2CAC-0069-4D35-BDAA-0030AAFDEB4C}.Release|x64.ActiveCfg = Release|Any CPU
		{294A2CAC-0069-4D35-BDAA-0030AAFDEB4C}.Release|x64.Build.0 = Release|Any CPU
		{294A2CAC-0069-4D35-BDAA-0030AAFDEB4C}.Release|x86.ActiveCfg = Release|Any CPU
		{294A2CAC-0069-4D35-BDAA-0030AAFDEB4C}.Release|x86.Build.0 = Release|Any CPU
		{CB2D23D5-81B0-46F0-8CD1-7ACC77468F61}.Debug|Any CPU.ActiveCfg = Debug|Any CPU
		{CB2D23D5-81B0-46F0-8CD1-7ACC77468F61}.Debug|Any CPU.Build.0 = Debug|Any CPU
		{CB2D23D5-81B0-46F0-8CD1-7ACC77468F61}.Debug|x64.ActiveCfg = Debug|Any CPU
		{CB2D23D5-81B0-46F0-8CD1-7ACC77468F61}.Debug|x64.Build.0 = Debug|Any CPU
		{CB2D23D5-81B0-46F0-8CD1-7ACC77468F61}.Debug|x86.ActiveCfg = Debug|Any CPU
		{CB2D23D5-81B0-46F0-8CD1-7ACC77468F61}.Debug|x86.Build.0 = Debug|Any CPU
		{CB2D23D5-81B0-46F0-8CD1-7ACC77468F61}.Release|Any CPU.ActiveCfg = Release|Any CPU
		{CB2D23D5-81B0-46F0-8CD1-7ACC77468F61}.Release|Any CPU.Build.0 = Release|Any CPU
		{CB2D23D5-81B0-46F0-8CD1-7ACC77468F61}.Release|x64.ActiveCfg = Release|Any CPU
		{CB2D23D5-81B0-46F0-8CD1-7ACC77468F61}.Release|x64.Build.0 = Release|Any CPU
		{CB2D23D5-81B0-46F0-8CD1-7ACC77468F61}.Release|x86.ActiveCfg = Release|Any CPU
		{CB2D23D5-81B0-46F0-8CD1-7ACC77468F61}.Release|x86.Build.0 = Release|Any CPU
	EndGlobalSection
	GlobalSection(SolutionProperties) = preSolution
		HideSolutionNode = FALSE
	EndGlobalSection
	GlobalSection(NestedProjects) = preSolution
		{D2F0D897-F81F-4A35-92E8-0A1AD3618D6E} = {DFBC1184-60D4-4FB2-999A-441CD36F162D}
		{DFBC1184-60D4-4FB2-999A-441CD36F162D} = {7C5F0BD9-8F6C-414E-B528-5EC16ADFE571}
		{BF2B708A-CD0A-4E90-8314-9CFEFAE7E2C0} = {DFBC1184-60D4-4FB2-999A-441CD36F162D}
		{8263F50E-FECF-4613-A98B-F46A951C9E39} = {DFBC1184-60D4-4FB2-999A-441CD36F162D}
		{7FE533B7-FFAB-49EF-B40D-C02E1C8F6014} = {7C5F0BD9-8F6C-414E-B528-5EC16ADFE571}
		{DB458627-19A2-4C94-B28E-0E5DDA3288A8} = {384F5D08-513B-4F24-89A4-D648ABCC5513}
		{C5BDBDB2-E6DF-468E-B83E-AEC29C27D7E4} = {384F5D08-513B-4F24-89A4-D648ABCC5513}
		{F141F23D-15AA-4F05-A081-DC5F8DDB7355} = {384F5D08-513B-4F24-89A4-D648ABCC5513}
		{4A4EE238-A6DB-4022-9299-713A60AB816D} = {384F5D08-513B-4F24-89A4-D648ABCC5513}
		{61850411-6D7C-4E18-93A2-8DB0CFE4AE38} = {384F5D08-513B-4F24-89A4-D648ABCC5513}
		{E728194E-817E-4DB3-81B6-6451C074953C} = {384F5D08-513B-4F24-89A4-D648ABCC5513}
		{1FCF5A5D-9618-44BD-92F8-B7A4337C3C15} = {7C5F0BD9-8F6C-414E-B528-5EC16ADFE571}
		{6A437944-2671-4107-99DF-B119D8EAD733} = {7C5F0BD9-8F6C-414E-B528-5EC16ADFE571}
		{E22CD0FF-D7E7-46A6-97CB-3DAE384A2D31} = {6A437944-2671-4107-99DF-B119D8EAD733}
		{124947B8-89C5-4525-8134-332BD37F802E} = {7C5F0BD9-8F6C-414E-B528-5EC16ADFE571}
		{5BFEE5FF-B26D-46DB-9164-0BAFCDCE018E} = {124947B8-89C5-4525-8134-332BD37F802E}
		{74FECF37-3ED0-4502-BDA1-86468A0FD662} = {124947B8-89C5-4525-8134-332BD37F802E}
		{240819CF-48C0-471F-9B95-F1FEC0012D31} = {7C5F0BD9-8F6C-414E-B528-5EC16ADFE571}
		{39829ED3-649B-4312-B7BC-B2D41B538A01} = {240819CF-48C0-471F-9B95-F1FEC0012D31}
		{8C7DA135-5D75-4CCF-B1CB-2FAFC03EC91B} = {240819CF-48C0-471F-9B95-F1FEC0012D31}
		{43ED4828-C9CB-4FCF-885F-DC5CBD44E21C} = {6A437944-2671-4107-99DF-B119D8EAD733}
		{3111510A-D868-4AF1-ADE0-C75F2C1FBAF7} = {7C5F0BD9-8F6C-414E-B528-5EC16ADFE571}
		{1C25261A-2BDA-4AEC-B6F7-5D378D68B0C4} = {3111510A-D868-4AF1-ADE0-C75F2C1FBAF7}
		{CD0FAA76-CC2A-4C05-AF68-84EE1724A3ED} = {3111510A-D868-4AF1-ADE0-C75F2C1FBAF7}
		{5C6680AB-BA4F-4F95-98E7-9D4BDC678B32} = {124947B8-89C5-4525-8134-332BD37F802E}
		{CE5E9229-E679-42C1-9626-0E160A635C49} = {124947B8-89C5-4525-8134-332BD37F802E}
		{BDB92CEA-3E91-445D-AEEF-34D5222213F5} = {3111510A-D868-4AF1-ADE0-C75F2C1FBAF7}
		{04BA88F2-39E4-4233-9B84-2C0A67EDA59B} = {3111510A-D868-4AF1-ADE0-C75F2C1FBAF7}
		{ED452088-FCD3-4660-A2C2-7A12429884B4} = {6A437944-2671-4107-99DF-B119D8EAD733}
		{B63A144C-64A0-4EB3-AD30-3B12A5F3F59D} = {6A437944-2671-4107-99DF-B119D8EAD733}
		{68A4E47A-06A4-453E-BFC6-D560F85DDEC4} = {240819CF-48C0-471F-9B95-F1FEC0012D31}
		{0CEB59E6-2EF5-4532-89D0-A22385CDE975} = {240819CF-48C0-471F-9B95-F1FEC0012D31}
		{0FB25359-6AAC-401D-9455-AEBFC1E4202F} = {7C5F0BD9-8F6C-414E-B528-5EC16ADFE571}
		{131AA69D-0328-4198-8FA2-01E879DD32ED} = {0FB25359-6AAC-401D-9455-AEBFC1E4202F}
		{CCE3586F-FE12-464F-BD5B-3294F3654CCB} = {0FB25359-6AAC-401D-9455-AEBFC1E4202F}
		{294A2CAC-0069-4D35-BDAA-0030AAFDEB4C} = {0FB25359-6AAC-401D-9455-AEBFC1E4202F}
		{CB2D23D5-81B0-46F0-8CD1-7ACC77468F61} = {0FB25359-6AAC-401D-9455-AEBFC1E4202F}
	EndGlobalSection
EndGlobal
