
Microsoft Visual Studio Solution File, Format Version 12.00
Project("{FAE04EC0-301F-11D3-BF4B-00C04F79EFBC}") = "CoffeePeek.Api", "CoffeePeek.Api\CoffeePeek.Api.csproj", "{24BEE6CC-0CA1-429C-95CD-3F63F1259BE7}"
EndProject
Project("{FAE04EC0-301F-11D3-BF4B-00C04F79EFBC}") = "CoffeePeek.Contract", "CoffeePeek.Contract\CoffeePeek.Contract.csproj", "{D2F0D897-F81F-4A35-92E8-0A1AD3618D6E}"
EndProject
Project("{FAE04EC0-301F-11D3-BF4B-00C04F79EFBC}") = "CoffeePeek.BuildingBlocks", "CoffeePeek.BuildingBlocks\CoffeePeek.BuildingBlocks.csproj", "{19719F2F-1DB7-43B8-9C3A-F2F8AF1F10C4}"
EndProject
Project("{FAE04EC0-301F-11D3-BF4B-00C04F79EFBC}") = "CoffeePeek.BusinessLogic", "CoffeePeek.BusinessLogic\CoffeePeek.BusinessLogic.csproj", "{158B9913-2A77-4659-9F76-BBD7E50FC74B}"
EndProject
Project("{2150E333-8FDC-42A3-9474-1A3956D46DE8}") = "Solution Items", "Solution Items", "{F0C1F125-18A6-46BC-98FB-E2036131E7DC}"
	ProjectSection(SolutionItems) = preProject
		compose.yaml = compose.yaml
		CoffeePeek.Api\Api.Dockerfile = CoffeePeek.Api\Api.Dockerfile
		CoffeePeek.Photo.Api\Photo.API.Dockerfile = CoffeePeek.Photo.Api\Photo.API.Dockerfile
		CoffeePeek.Web\WEB.Dockerfile = CoffeePeek.Web\WEB.Dockerfile
		CoffeePeek.AuthService\AuthService.Dockerfile = CoffeePeek.AuthService\AuthService.Dockerfile
		OutboxBackgroundService\OutboxBackgroundService.Dockerfile = OutboxBackgroundService\OutboxBackgroundService.Dockerfile
		CoffeePeek.UserService\UserService.Dockerfile = CoffeePeek.UserService\UserService.Dockerfile
		nginx\conf.d\gateway.conf = nginx\conf.d\gateway.conf
		railway.json = railway.json
		nginx\Dockerfile = nginx\Dockerfile
		nginx\nginx.conf = nginx\nginx.conf
	EndProjectSection
EndProject
Project("{FAE04EC0-301F-11D3-BF4B-00C04F79EFBC}") = "CoffeePeek.Infrastructure", "CoffeePeek.Infrastructure\CoffeePeek.Infrastructure.csproj", "{E492DF9B-8C32-4421-91B1-4AE4E8355A6B}"
EndProject
Project("{2150E333-8FDC-42A3-9474-1A3956D46DE8}") = "CoffeePeek.Photo", "CoffeePeek.Photo", "{B135B7F3-9AB9-49D4-9487-001B656C3A36}"
EndProject
Project("{FAE04EC0-301F-11D3-BF4B-00C04F79EFBC}") = "CoffeePeek.Photo.Api", "CoffeePeek.Photo.Api\CoffeePeek.Photo.Api.csproj", "{F0E8ABFC-8079-40BF-8A62-5134395E6EC6}"
EndProject
Project("{FAE04EC0-301F-11D3-BF4B-00C04F79EFBC}") = "CoffeePeek.Photo.Infrastructure", "CoffeePeek.Photo.Infrastructure\CoffeePeek.Photo.Infrastructure.csproj", "{90F1205C-109B-450B-BFF0-698A53349AA8}"
EndProject
Project("{FAE04EC0-301F-11D3-BF4B-00C04F79EFBC}") = "CoffeePeek.Photo.Core", "CoffeePeek.Photo.Core\CoffeePeek.Photo.Core.csproj", "{5F1814E8-7497-406A-8E2F-DC0BF843F495}"
EndProject
Project("{2150E333-8FDC-42A3-9474-1A3956D46DE8}") = "CoffeePeek", "CoffeePeek", "{7C5F0BD9-8F6C-414E-B528-5EC16ADFE571}"
EndProject
Project("{2150E333-8FDC-42A3-9474-1A3956D46DE8}") = "Shared", "Shared", "{DFBC1184-60D4-4FB2-999A-441CD36F162D}"
EndProject
Project("{FAE04EC0-301F-11D3-BF4B-00C04F79EFBC}") = "CoffeePeek.Shared.Models", "CoffeePeek.Shared.Models\CoffeePeek.Shared.Models.csproj", "{27104E80-BC14-4DCF-A7B8-E5400D98F87E}"
EndProject
Project("{FAE04EC0-301F-11D3-BF4B-00C04F79EFBC}") = "CoffeePeek.Shared.Extensions", "CoffeePeek.Shared.Extensions\CoffeePeek.Shared.Extensions.csproj", "{BF2B708A-CD0A-4E90-8314-9CFEFAE7E2C0}"
EndProject
Project("{FAE04EC0-301F-11D3-BF4B-00C04F79EFBC}") = "CoffeePeek.Photo.BuildingBlocks", "CoffeePeek.Photo.BuildingBlocks\CoffeePeek.Photo.BuildingBlocks.csproj", "{D0989C8E-BBCF-4395-ACB4-3AEEE0F3124D}"
EndProject
Project("{2150E333-8FDC-42A3-9474-1A3956D46DE8}") = "MainApi", "MainApi", "{C484B1CF-7338-4357-9719-E2D1B57DDAC4}"
EndProject
Project("{FAE04EC0-301F-11D3-BF4B-00C04F79EFBC}") = "CoffeePeek.Domain", "CoffeePeek.Domain\CoffeePeek.Domain.csproj", "{80072F45-5145-48F1-B54F-3A59843AB427}"
EndProject
Project("{FAE04EC0-301F-11D3-BF4B-00C04F79EFBC}") = "CoffeePeek.Web", "CoffeePeek.Web\CoffeePeek.Web.csproj", "{43DA1B02-AB8A-44D6-9062-C0491AEB568D}"
EndProject
Project("{2150E333-8FDC-42A3-9474-1A3956D46DE8}") = "CoffeePeek.Web", "CoffeePeek.Web", "{FEFF7B90-11D7-4751-9CB7-780FBBDA637A}"
EndProject
Project("{FAE04EC0-301F-11D3-BF4B-00C04F79EFBC}") = "CoffeePeek.Web.Contract", "CoffeePeek.Web.Contract\CoffeePeek.Web.Contract.csproj", "{13FF6FA1-DE38-4378-B47E-A7C6FCA6BE9D}"
EndProject
Project("{2150E333-8FDC-42A3-9474-1A3956D46DE8}") = "CoffeePeek.Tests", "CoffeePeek.Tests", "{CFAEB9C2-67C5-4FCA-938D-160C3E66F070}"
EndProject
Project("{FAE04EC0-301F-11D3-BF4B-00C04F79EFBC}") = "CoffeePeek.Contract.Tests", "CoffeePeek.Contract.Tests\CoffeePeek.Contract.Tests.csproj", "{B655F9D0-1EB8-4529-9A68-7B57357EEE53}"
EndProject
Project("{FAE04EC0-301F-11D3-BF4B-00C04F79EFBC}") = "CoffeePeek.Api.Tests", "CoffeePeek.Api.Tests\CoffeePeek.Api.Tests.csproj", "{B8CE3849-5D66-4B80-A5B4-689DED6256E2}"
EndProject
Project("{FAE04EC0-301F-11D3-BF4B-00C04F79EFBC}") = "CoffeePeek.BuildingBlocks.Tests", "CoffeePeek.BuildingBlocks.Tests\CoffeePeek.BuildingBlocks.Tests.csproj", "{1587E4CB-19B2-4D46-A935-B1791398508F}"
EndProject
Project("{FAE04EC0-301F-11D3-BF4B-00C04F79EFBC}") = "CoffeePeek.Infrastructure.Tests", "CoffeePeek.Infrastructure.Tests\CoffeePeek.Infrastructure.Tests.csproj", "{0C4036BD-D38D-4123-B79A-D34AEC99558C}"
EndProject
Project("{FAE04EC0-301F-11D3-BF4B-00C04F79EFBC}") = "CoffeePeek.BusinessLogic.Tests", "CoffeePeek.BusinessLogic.Tests\CoffeePeek.BusinessLogic.Tests.csproj", "{0B9182EF-096C-4EE1-9873-B97DE273453F}"
EndProject
Project("{FAE04EC0-301F-11D3-BF4B-00C04F79EFBC}") = "CoffeePeek.AuthService", "CoffeePeek.AuthService\CoffeePeek.AuthService.csproj", "{5BFEE5FF-B26D-46DB-9164-0BAFCDCE018E}"
EndProject
Project("{FAE04EC0-301F-11D3-BF4B-00C04F79EFBC}") = "CoffeePeek.UserService", "CoffeePeek.UserService\CoffeePeek.UserService.csproj", "{43ED4828-C9CB-4FCF-885F-DC5CBD44E21C}"
EndProject
Project("{FAE04EC0-301F-11D3-BF4B-00C04F79EFBC}") = "OutboxBackgroundService", "OutboxBackgroundService\OutboxBackgroundService.csproj", "{1FCF5A5D-9618-44BD-92F8-B7A4337C3C15}"
EndProject
Project("{2150E333-8FDC-42A3-9474-1A3956D46DE8}") = "AuthService", "AuthService", "{325A4B29-924A-4ABB-A68F-BE87C80A5B55}"
EndProject
Project("{FAE04EC0-301F-11D3-BF4B-00C04F79EFBC}") = "CoffeePeek.Shared.Infrastructure", "CoffeePeek.Shared.Infrastructure\CoffeePeek.Shared.Infrastructure.csproj", "{8263F50E-FECF-4613-A98B-F46A951C9E39}"
EndProject
Global
	GlobalSection(SolutionConfigurationPlatforms) = preSolution
		Debug|Any CPU = Debug|Any CPU
		Release|Any CPU = Release|Any CPU
	EndGlobalSection
	GlobalSection(ProjectConfigurationPlatforms) = postSolution
		{24BEE6CC-0CA1-429C-95CD-3F63F1259BE7}.Release|Any CPU.ActiveCfg = Release|Any CPU
		{24BEE6CC-0CA1-429C-95CD-3F63F1259BE7}.Release|Any CPU.Build.0 = Release|Any CPU
		{24BEE6CC-0CA1-429C-95CD-3F63F1259BE7}.Debug|Any CPU.ActiveCfg = Debug|Any CPU
		{24BEE6CC-0CA1-429C-95CD-3F63F1259BE7}.Debug|Any CPU.Build.0 = Debug|Any CPU
		{D2F0D897-F81F-4A35-92E8-0A1AD3618D6E}.Debug|Any CPU.ActiveCfg = Debug|Any CPU
		{D2F0D897-F81F-4A35-92E8-0A1AD3618D6E}.Debug|Any CPU.Build.0 = Debug|Any CPU
		{D2F0D897-F81F-4A35-92E8-0A1AD3618D6E}.Release|Any CPU.ActiveCfg = Release|Any CPU
		{D2F0D897-F81F-4A35-92E8-0A1AD3618D6E}.Release|Any CPU.Build.0 = Release|Any CPU
		{19719F2F-1DB7-43B8-9C3A-F2F8AF1F10C4}.Debug|Any CPU.ActiveCfg = Debug|Any CPU
		{19719F2F-1DB7-43B8-9C3A-F2F8AF1F10C4}.Debug|Any CPU.Build.0 = Debug|Any CPU
		{19719F2F-1DB7-43B8-9C3A-F2F8AF1F10C4}.Release|Any CPU.ActiveCfg = Release|Any CPU
		{19719F2F-1DB7-43B8-9C3A-F2F8AF1F10C4}.Release|Any CPU.Build.0 = Release|Any CPU
		{158B9913-2A77-4659-9F76-BBD7E50FC74B}.Debug|Any CPU.ActiveCfg = Debug|Any CPU
		{158B9913-2A77-4659-9F76-BBD7E50FC74B}.Debug|Any CPU.Build.0 = Debug|Any CPU
		{158B9913-2A77-4659-9F76-BBD7E50FC74B}.Release|Any CPU.ActiveCfg = Release|Any CPU
		{158B9913-2A77-4659-9F76-BBD7E50FC74B}.Release|Any CPU.Build.0 = Release|Any CPU
		{E492DF9B-8C32-4421-91B1-4AE4E8355A6B}.Debug|Any CPU.ActiveCfg = Debug|Any CPU
		{E492DF9B-8C32-4421-91B1-4AE4E8355A6B}.Debug|Any CPU.Build.0 = Debug|Any CPU
		{E492DF9B-8C32-4421-91B1-4AE4E8355A6B}.Release|Any CPU.ActiveCfg = Release|Any CPU
		{E492DF9B-8C32-4421-91B1-4AE4E8355A6B}.Release|Any CPU.Build.0 = Release|Any CPU
		{F0E8ABFC-8079-40BF-8A62-5134395E6EC6}.Debug|Any CPU.ActiveCfg = Debug|Any CPU
		{F0E8ABFC-8079-40BF-8A62-5134395E6EC6}.Debug|Any CPU.Build.0 = Debug|Any CPU
		{F0E8ABFC-8079-40BF-8A62-5134395E6EC6}.Release|Any CPU.ActiveCfg = Release|Any CPU
		{F0E8ABFC-8079-40BF-8A62-5134395E6EC6}.Release|Any CPU.Build.0 = Release|Any CPU
		{90F1205C-109B-450B-BFF0-698A53349AA8}.Debug|Any CPU.ActiveCfg = Debug|Any CPU
		{90F1205C-109B-450B-BFF0-698A53349AA8}.Debug|Any CPU.Build.0 = Debug|Any CPU
		{90F1205C-109B-450B-BFF0-698A53349AA8}.Release|Any CPU.ActiveCfg = Release|Any CPU
		{90F1205C-109B-450B-BFF0-698A53349AA8}.Release|Any CPU.Build.0 = Release|Any CPU
		{5F1814E8-7497-406A-8E2F-DC0BF843F495}.Debug|Any CPU.ActiveCfg = Debug|Any CPU
		{5F1814E8-7497-406A-8E2F-DC0BF843F495}.Debug|Any CPU.Build.0 = Debug|Any CPU
		{5F1814E8-7497-406A-8E2F-DC0BF843F495}.Release|Any CPU.ActiveCfg = Release|Any CPU
		{5F1814E8-7497-406A-8E2F-DC0BF843F495}.Release|Any CPU.Build.0 = Release|Any CPU
		{27104E80-BC14-4DCF-A7B8-E5400D98F87E}.Debug|Any CPU.ActiveCfg = Debug|Any CPU
		{27104E80-BC14-4DCF-A7B8-E5400D98F87E}.Debug|Any CPU.Build.0 = Debug|Any CPU
		{27104E80-BC14-4DCF-A7B8-E5400D98F87E}.Release|Any CPU.ActiveCfg = Release|Any CPU
		{27104E80-BC14-4DCF-A7B8-E5400D98F87E}.Release|Any CPU.Build.0 = Release|Any CPU
		{BF2B708A-CD0A-4E90-8314-9CFEFAE7E2C0}.Debug|Any CPU.ActiveCfg = Debug|Any CPU
		{BF2B708A-CD0A-4E90-8314-9CFEFAE7E2C0}.Debug|Any CPU.Build.0 = Debug|Any CPU
		{BF2B708A-CD0A-4E90-8314-9CFEFAE7E2C0}.Release|Any CPU.ActiveCfg = Release|Any CPU
		{BF2B708A-CD0A-4E90-8314-9CFEFAE7E2C0}.Release|Any CPU.Build.0 = Release|Any CPU
		{D0989C8E-BBCF-4395-ACB4-3AEEE0F3124D}.Debug|Any CPU.ActiveCfg = Debug|Any CPU
		{D0989C8E-BBCF-4395-ACB4-3AEEE0F3124D}.Debug|Any CPU.Build.0 = Debug|Any CPU
		{D0989C8E-BBCF-4395-ACB4-3AEEE0F3124D}.Release|Any CPU.ActiveCfg = Release|Any CPU
		{D0989C8E-BBCF-4395-ACB4-3AEEE0F3124D}.Release|Any CPU.Build.0 = Release|Any CPU
		{80072F45-5145-48F1-B54F-3A59843AB427}.Debug|Any CPU.ActiveCfg = Debug|Any CPU
		{80072F45-5145-48F1-B54F-3A59843AB427}.Debug|Any CPU.Build.0 = Debug|Any CPU
		{80072F45-5145-48F1-B54F-3A59843AB427}.Release|Any CPU.ActiveCfg = Release|Any CPU
		{80072F45-5145-48F1-B54F-3A59843AB427}.Release|Any CPU.Build.0 = Release|Any CPU
		{43DA1B02-AB8A-44D6-9062-C0491AEB568D}.Debug|Any CPU.ActiveCfg = Debug|Any CPU
		{43DA1B02-AB8A-44D6-9062-C0491AEB568D}.Debug|Any CPU.Build.0 = Debug|Any CPU
		{43DA1B02-AB8A-44D6-9062-C0491AEB568D}.Release|Any CPU.ActiveCfg = Release|Any CPU
		{43DA1B02-AB8A-44D6-9062-C0491AEB568D}.Release|Any CPU.Build.0 = Release|Any CPU
		{13FF6FA1-DE38-4378-B47E-A7C6FCA6BE9D}.Debug|Any CPU.ActiveCfg = Debug|Any CPU
		{13FF6FA1-DE38-4378-B47E-A7C6FCA6BE9D}.Debug|Any CPU.Build.0 = Debug|Any CPU
		{13FF6FA1-DE38-4378-B47E-A7C6FCA6BE9D}.Release|Any CPU.ActiveCfg = Release|Any CPU
		{13FF6FA1-DE38-4378-B47E-A7C6FCA6BE9D}.Release|Any CPU.Build.0 = Release|Any CPU
		{B655F9D0-1EB8-4529-9A68-7B57357EEE53}.Debug|Any CPU.ActiveCfg = Debug|Any CPU
		{B655F9D0-1EB8-4529-9A68-7B57357EEE53}.Debug|Any CPU.Build.0 = Debug|Any CPU
		{B655F9D0-1EB8-4529-9A68-7B57357EEE53}.Release|Any CPU.ActiveCfg = Release|Any CPU
		{B655F9D0-1EB8-4529-9A68-7B57357EEE53}.Release|Any CPU.Build.0 = Release|Any CPU
		{B8CE3849-5D66-4B80-A5B4-689DED6256E2}.Debug|Any CPU.ActiveCfg = Debug|Any CPU
		{B8CE3849-5D66-4B80-A5B4-689DED6256E2}.Debug|Any CPU.Build.0 = Debug|Any CPU
		{B8CE3849-5D66-4B80-A5B4-689DED6256E2}.Release|Any CPU.ActiveCfg = Release|Any CPU
		{B8CE3849-5D66-4B80-A5B4-689DED6256E2}.Release|Any CPU.Build.0 = Release|Any CPU
		{1587E4CB-19B2-4D46-A935-B1791398508F}.Debug|Any CPU.ActiveCfg = Debug|Any CPU
		{1587E4CB-19B2-4D46-A935-B1791398508F}.Debug|Any CPU.Build.0 = Debug|Any CPU
		{1587E4CB-19B2-4D46-A935-B1791398508F}.Release|Any CPU.ActiveCfg = Release|Any CPU
		{1587E4CB-19B2-4D46-A935-B1791398508F}.Release|Any CPU.Build.0 = Release|Any CPU
		{0C4036BD-D38D-4123-B79A-D34AEC99558C}.Debug|Any CPU.ActiveCfg = Debug|Any CPU
		{0C4036BD-D38D-4123-B79A-D34AEC99558C}.Debug|Any CPU.Build.0 = Debug|Any CPU
		{0C4036BD-D38D-4123-B79A-D34AEC99558C}.Release|Any CPU.ActiveCfg = Release|Any CPU
		{0C4036BD-D38D-4123-B79A-D34AEC99558C}.Release|Any CPU.Build.0 = Release|Any CPU
		{0B9182EF-096C-4EE1-9873-B97DE273453F}.Debug|Any CPU.ActiveCfg = Debug|Any CPU
		{0B9182EF-096C-4EE1-9873-B97DE273453F}.Debug|Any CPU.Build.0 = Debug|Any CPU
		{0B9182EF-096C-4EE1-9873-B97DE273453F}.Release|Any CPU.ActiveCfg = Release|Any CPU
		{0B9182EF-096C-4EE1-9873-B97DE273453F}.Release|Any CPU.Build.0 = Release|Any CPU
		{5BFEE5FF-B26D-46DB-9164-0BAFCDCE018E}.Debug|Any CPU.ActiveCfg = Debug|Any CPU
		{5BFEE5FF-B26D-46DB-9164-0BAFCDCE018E}.Debug|Any CPU.Build.0 = Debug|Any CPU
		{5BFEE5FF-B26D-46DB-9164-0BAFCDCE018E}.Release|Any CPU.ActiveCfg = Release|Any CPU
		{5BFEE5FF-B26D-46DB-9164-0BAFCDCE018E}.Release|Any CPU.Build.0 = Release|Any CPU
		{43ED4828-C9CB-4FCF-885F-DC5CBD44E21C}.Debug|Any CPU.ActiveCfg = Debug|Any CPU
		{43ED4828-C9CB-4FCF-885F-DC5CBD44E21C}.Debug|Any CPU.Build.0 = Debug|Any CPU
		{43ED4828-C9CB-4FCF-885F-DC5CBD44E21C}.Release|Any CPU.ActiveCfg = Release|Any CPU
		{43ED4828-C9CB-4FCF-885F-DC5CBD44E21C}.Release|Any CPU.Build.0 = Release|Any CPU
		{1FCF5A5D-9618-44BD-92F8-B7A4337C3C15}.Debug|Any CPU.ActiveCfg = Debug|Any CPU
		{1FCF5A5D-9618-44BD-92F8-B7A4337C3C15}.Debug|Any CPU.Build.0 = Debug|Any CPU
		{1FCF5A5D-9618-44BD-92F8-B7A4337C3C15}.Release|Any CPU.ActiveCfg = Release|Any CPU
		{1FCF5A5D-9618-44BD-92F8-B7A4337C3C15}.Release|Any CPU.Build.0 = Release|Any CPU
		{8263F50E-FECF-4613-A98B-F46A951C9E39}.Debug|Any CPU.ActiveCfg = Debug|Any CPU
		{8263F50E-FECF-4613-A98B-F46A951C9E39}.Debug|Any CPU.Build.0 = Debug|Any CPU
		{8263F50E-FECF-4613-A98B-F46A951C9E39}.Release|Any CPU.ActiveCfg = Release|Any CPU
		{8263F50E-FECF-4613-A98B-F46A951C9E39}.Release|Any CPU.Build.0 = Release|Any CPU
	EndGlobalSection
	GlobalSection(NestedProjects) = preSolution
		{F0E8ABFC-8079-40BF-8A62-5134395E6EC6} = {B135B7F3-9AB9-49D4-9487-001B656C3A36}
		{90F1205C-109B-450B-BFF0-698A53349AA8} = {B135B7F3-9AB9-49D4-9487-001B656C3A36}
		{5F1814E8-7497-406A-8E2F-DC0BF843F495} = {B135B7F3-9AB9-49D4-9487-001B656C3A36}
		{27104E80-BC14-4DCF-A7B8-E5400D98F87E} = {DFBC1184-60D4-4FB2-999A-441CD36F162D}
		{BF2B708A-CD0A-4E90-8314-9CFEFAE7E2C0} = {DFBC1184-60D4-4FB2-999A-441CD36F162D}
		{D0989C8E-BBCF-4395-ACB4-3AEEE0F3124D} = {B135B7F3-9AB9-49D4-9487-001B656C3A36}
		{C484B1CF-7338-4357-9719-E2D1B57DDAC4} = {7C5F0BD9-8F6C-414E-B528-5EC16ADFE571}
		{24BEE6CC-0CA1-429C-95CD-3F63F1259BE7} = {C484B1CF-7338-4357-9719-E2D1B57DDAC4}
		{19719F2F-1DB7-43B8-9C3A-F2F8AF1F10C4} = {C484B1CF-7338-4357-9719-E2D1B57DDAC4}
		{158B9913-2A77-4659-9F76-BBD7E50FC74B} = {C484B1CF-7338-4357-9719-E2D1B57DDAC4}
		{E492DF9B-8C32-4421-91B1-4AE4E8355A6B} = {C484B1CF-7338-4357-9719-E2D1B57DDAC4}
		{80072F45-5145-48F1-B54F-3A59843AB427} = {7C5F0BD9-8F6C-414E-B528-5EC16ADFE571}
		{43DA1B02-AB8A-44D6-9062-C0491AEB568D} = {FEFF7B90-11D7-4751-9CB7-780FBBDA637A}
		{13FF6FA1-DE38-4378-B47E-A7C6FCA6BE9D} = {FEFF7B90-11D7-4751-9CB7-780FBBDA637A}
		{B655F9D0-1EB8-4529-9A68-7B57357EEE53} = {CFAEB9C2-67C5-4FCA-938D-160C3E66F070}
		{B8CE3849-5D66-4B80-A5B4-689DED6256E2} = {CFAEB9C2-67C5-4FCA-938D-160C3E66F070}
		{1587E4CB-19B2-4D46-A935-B1791398508F} = {CFAEB9C2-67C5-4FCA-938D-160C3E66F070}
		{0C4036BD-D38D-4123-B79A-D34AEC99558C} = {CFAEB9C2-67C5-4FCA-938D-160C3E66F070}
		{0B9182EF-096C-4EE1-9873-B97DE273453F} = {CFAEB9C2-67C5-4FCA-938D-160C3E66F070}
		{43ED4828-C9CB-4FCF-885F-DC5CBD44E21C} = {7C5F0BD9-8F6C-414E-B528-5EC16ADFE571}
		{D2F0D897-F81F-4A35-92E8-0A1AD3618D6E} = {7C5F0BD9-8F6C-414E-B528-5EC16ADFE571}
		{325A4B29-924A-4ABB-A68F-BE87C80A5B55} = {7C5F0BD9-8F6C-414E-B528-5EC16ADFE571}
		{5BFEE5FF-B26D-46DB-9164-0BAFCDCE018E} = {325A4B29-924A-4ABB-A68F-BE87C80A5B55}
		{1FCF5A5D-9618-44BD-92F8-B7A4337C3C15} = {325A4B29-924A-4ABB-A68F-BE87C80A5B55}
		{8263F50E-FECF-4613-A98B-F46A951C9E39} = {DFBC1184-60D4-4FB2-999A-441CD36F162D}
	EndGlobalSection
EndGlobal
